// !$*UTF8*$!
{
	archiveVersion = 1;
	classes = {
	};
	objectVersion = 50;
	objects = {

/* Begin PBXBuildFile section */
		47CA54EC21B772B300C3E656 /* AppDelegate.swift in Sources */ = {isa = PBXBuildFile; fileRef = 47CA54EB21B772B300C3E656 /* AppDelegate.swift */; };
		47CA54EE21B772B300C3E656 /* ViewController.swift in Sources */ = {isa = PBXBuildFile; fileRef = 47CA54ED21B772B300C3E656 /* ViewController.swift */; };
		47CA54F121B772B300C3E656 /* Main.storyboard in Resources */ = {isa = PBXBuildFile; fileRef = 47CA54EF21B772B300C3E656 /* Main.storyboard */; };
		47CA54F321B772BA00C3E656 /* Assets.xcassets in Resources */ = {isa = PBXBuildFile; fileRef = 47CA54F221B772BA00C3E656 /* Assets.xcassets */; };
		47CA54F621B772BA00C3E656 /* LaunchScreen.storyboard in Resources */ = {isa = PBXBuildFile; fileRef = 47CA54F421B772BA00C3E656 /* LaunchScreen.storyboard */; };
		47DD232C21B82460000ED3DA /* snow.png in Resources */ = {isa = PBXBuildFile; fileRef = 47DD232721B82460000ED3DA /* snow.png */; };
		47DD232D21B82460000ED3DA /* sunny.png in Resources */ = {isa = PBXBuildFile; fileRef = 47DD232821B82460000ED3DA /* sunny.png */; };
		47DD232E21B82460000ED3DA /* cloudy.png in Resources */ = {isa = PBXBuildFile; fileRef = 47DD232921B82460000ED3DA /* cloudy.png */; };
		47DD232F21B82460000ED3DA /* blizzard.png in Resources */ = {isa = PBXBuildFile; fileRef = 47DD232A21B82460000ED3DA /* blizzard.png */; };
		47DD233021B82460000ED3DA /* rainy.png in Resources */ = {isa = PBXBuildFile; fileRef = 47DD232B21B82460000ED3DA /* rainy.png */; };
/* End PBXBuildFile section */

/* Begin PBXFileReference section */
		47CA54E821B772B300C3E656 /* WeatherTable_12월5일_다시만들었더니됨.app */ = {isa = PBXFileReference; explicitFileType = wrapper.application; includeInIndex = 0; path = "WeatherTable_12월5일_다시만들었더니됨.app"; sourceTree = BUILT_PRODUCTS_DIR; };
		47CA54EB21B772B300C3E656 /* AppDelegate.swift */ = {isa = PBXFileReference; lastKnownFileType = sourcecode.swift; path = AppDelegate.swift; sourceTree = "<group>"; };
		47CA54ED21B772B300C3E656 /* ViewController.swift */ = {isa = PBXFileReference; lastKnownFileType = sourcecode.swift; path = ViewController.swift; sourceTree = "<group>"; };
		47CA54F021B772B300C3E656 /* Base */ = {isa = PBXFileReference; lastKnownFileType = file.storyboard; name = Base; path = Base.lproj/Main.storyboard; sourceTree = "<group>"; };
		47CA54F221B772BA00C3E656 /* Assets.xcassets */ = {isa = PBXFileReference; lastKnownFileType = folder.assetcatalog; path = Assets.xcassets; sourceTree = "<group>"; };
		47CA54F521B772BA00C3E656 /* Base */ = {isa = PBXFileReference; lastKnownFileType = file.storyboard; name = Base; path = Base.lproj/LaunchScreen.storyboard; sourceTree = "<group>"; };
		47CA54F721B772BA00C3E656 /* Info.plist */ = {isa = PBXFileReference; lastKnownFileType = text.plist.xml; path = Info.plist; sourceTree = "<group>"; };
		47DD232721B82460000ED3DA /* snow.png */ = {isa = PBXFileReference; lastKnownFileType = image.png; name = snow.png; path = "../../../../../Desktop/‼️swift강의/WeatherTable/11-2.-WeatherTable-Images/snow.png"; sourceTree = "<group>"; };
		47DD232821B82460000ED3DA /* sunny.png */ = {isa = PBXFileReference; lastKnownFileType = image.png; name = sunny.png; path = "../../../../../Desktop/‼️swift강의/WeatherTable/11-2.-WeatherTable-Images/sunny.png"; sourceTree = "<group>"; };
		47DD232921B82460000ED3DA /* cloudy.png */ = {isa = PBXFileReference; lastKnownFileType = image.png; name = cloudy.png; path = "../../../../../Desktop/‼️swift강의/WeatherTable/11-2.-WeatherTable-Images/cloudy.png"; sourceTree = "<group>"; };
		47DD232A21B82460000ED3DA /* blizzard.png */ = {isa = PBXFileReference; lastKnownFileType = image.png; name = blizzard.png; path = "../../../../../Desktop/‼️swift강의/WeatherTable/11-2.-WeatherTable-Images/blizzard.png"; sourceTree = "<group>"; };
		47DD232B21B82460000ED3DA /* rainy.png */ = {isa = PBXFileReference; lastKnownFileType = image.png; name = rainy.png; path = "../../../../../Desktop/‼️swift강의/WeatherTable/11-2.-WeatherTable-Images/rainy.png"; sourceTree = "<group>"; };
/* End PBXFileReference section */

/* Begin PBXFrameworksBuildPhase section */
		47CA54E521B772B300C3E656 /* Frameworks */ = {
			isa = PBXFrameworksBuildPhase;
			buildActionMask = 2147483647;
			files = (
			);
			runOnlyForDeploymentPostprocessing = 0;
		};
/* End PBXFrameworksBuildPhase section */

/* Begin PBXGroup section */
		47CA54DF21B772B300C3E656 = {
			isa = PBXGroup;
			children = (
				47CA54EA21B772B300C3E656 /* 18 */,
				47CA54E921B772B300C3E656 /* Products */,
			);
			sourceTree = "<group>";
		};
		47CA54E921B772B300C3E656 /* Products */ = {
			isa = PBXGroup;
			children = (
				47CA54E821B772B300C3E656 /* WeatherTable_12월5일_다시만들었더니됨.app */,
			);
			name = Products;
			sourceTree = "<group>";
		};
		47CA54EA21B772B300C3E656 /* 18 */ = {
			isa = PBXGroup;
			children = (
				47CA54FD21B772C100C3E656 /* Resource */,
				47CA54EB21B772B300C3E656 /* AppDelegate.swift */,
				47CA54ED21B772B300C3E656 /* ViewController.swift */,
				47CA54EF21B772B300C3E656 /* Main.storyboard */,
				47CA54F221B772BA00C3E656 /* Assets.xcassets */,
				47CA54F421B772BA00C3E656 /* LaunchScreen.storyboard */,
				47CA54F721B772BA00C3E656 /* Info.plist */,
			);
			path = 18;
			sourceTree = "<group>";
		};
		47CA54FD21B772C100C3E656 /* Resource */ = {
			isa = PBXGroup;
			children = (
				47DD232A21B82460000ED3DA /* blizzard.png */,
				47DD232921B82460000ED3DA /* cloudy.png */,
				47DD232B21B82460000ED3DA /* rainy.png */,
				47DD232721B82460000ED3DA /* snow.png */,
				47DD232821B82460000ED3DA /* sunny.png */,
			);
			path = Resource;
			sourceTree = "<group>";
		};
/* End PBXGroup section */

/* Begin PBXNativeTarget section */
		47CA54E721B772B300C3E656 /* WeatherTable_12월5일_다시만들었더니됨 */ = {
			isa = PBXNativeTarget;
			buildConfigurationList = 47CA54FA21B772BA00C3E656 /* Build configuration list for PBXNativeTarget "WeatherTable_12월5일_다시만들었더니됨" */;
			buildPhases = (
				47CA54E421B772B300C3E656 /* Sources */,
				47CA54E521B772B300C3E656 /* Frameworks */,
				47CA54E621B772B300C3E656 /* Resources */,
			);
			buildRules = (
			);
			dependencies = (
			);
			name = "WeatherTable_12월5일_다시만들었더니됨";
			productName = 18;
			productReference = 47CA54E821B772B300C3E656 /* WeatherTable_12월5일_다시만들었더니됨.app */;
			productType = "com.apple.product-type.application";
		};
/* End PBXNativeTarget section */

/* Begin PBXProject section */
		47CA54E021B772B300C3E656 /* Project object */ = {
			isa = PBXProject;
			attributes = {
				LastSwiftUpdateCheck = 1010;
				LastUpgradeCheck = 1010;
				ORGANIZATIONNAME = "흠냐방구";
				TargetAttributes = {
					47CA54E721B772B300C3E656 = {
						CreatedOnToolsVersion = 10.1;
					};
				};
			};
			buildConfigurationList = 47CA54E321B772B300C3E656 /* Build configuration list for PBXProject "WeatherTable_12월5일_다시만들었더니됨" */;
			compatibilityVersion = "Xcode 9.3";
			developmentRegion = en;
			hasScannedForEncodings = 0;
			knownRegions = (
				en,
				Base,
			);
			mainGroup = 47CA54DF21B772B300C3E656;
			productRefGroup = 47CA54E921B772B300C3E656 /* Products */;
			projectDirPath = "";
			projectRoot = "";
			targets = (
				47CA54E721B772B300C3E656 /* WeatherTable_12월5일_다시만들었더니됨 */,
			);
		};
/* End PBXProject section */

/* Begin PBXResourcesBuildPhase section */
		47CA54E621B772B300C3E656 /* Resources */ = {
			isa = PBXResourcesBuildPhase;
			buildActionMask = 2147483647;
			files = (
				47CA54F621B772BA00C3E656 /* LaunchScreen.storyboard in Resources */,
				47DD232E21B82460000ED3DA /* cloudy.png in Resources */,
				47CA54F321B772BA00C3E656 /* Assets.xcassets in Resources */,
				47DD232F21B82460000ED3DA /* blizzard.png in Resources */,
				47DD232D21B82460000ED3DA /* sunny.png in Resources */,
				47DD232C21B82460000ED3DA /* snow.png in Resources */,
				47CA54F121B772B300C3E656 /* Main.storyboard in Resources */,
				47DD233021B82460000ED3DA /* rainy.png in Resources */,
			);
			runOnlyForDeploymentPostprocessing = 0;
		};
/* End PBXResourcesBuildPhase section */

/* Begin PBXSourcesBuildPhase section */
		47CA54E421B772B300C3E656 /* Sources */ = {
			isa = PBXSourcesBuildPhase;
			buildActionMask = 2147483647;
			files = (
				47CA54EE21B772B300C3E656 /* ViewController.swift in Sources */,
				47CA54EC21B772B300C3E656 /* AppDelegate.swift in Sources */,
			);
			runOnlyForDeploymentPostprocessing = 0;
		};
/* End PBXSourcesBuildPhase section */

/* Begin PBXVariantGroup section */
		47CA54EF21B772B300C3E656 /* Main.storyboard */ = {
			isa = PBXVariantGroup;
			children = (
				47CA54F021B772B300C3E656 /* Base */,
			);
			name = Main.storyboard;
			sourceTree = "<group>";
		};
		47CA54F421B772BA00C3E656 /* LaunchScreen.storyboard */ = {
			isa = PBXVariantGroup;
			children = (
				47CA54F521B772BA00C3E656 /* Base */,
			);
			name = LaunchScreen.storyboard;
			sourceTree = "<group>";
		};
/* End PBXVariantGroup section */

/* Begin XCBuildConfiguration section */
		47CA54F821B772BA00C3E656 /* Debug */ = {
			isa = XCBuildConfiguration;
			buildSettings = {
				ALWAYS_SEARCH_USER_PATHS = NO;
				CLANG_ANALYZER_NONNULL = YES;
				CLANG_ANALYZER_NUMBER_OBJECT_CONVERSION = YES_AGGRESSIVE;
				CLANG_CXX_LANGUAGE_STANDARD = "gnu++14";
				CLANG_CXX_LIBRARY = "libc++";
				CLANG_ENABLE_MODULES = YES;
				CLANG_ENABLE_OBJC_ARC = YES;
				CLANG_ENABLE_OBJC_WEAK = YES;
				CLANG_WARN_BLOCK_CAPTURE_AUTORELEASING = YES;
				CLANG_WARN_BOOL_CONVERSION = YES;
				CLANG_WARN_COMMA = YES;
				CLANG_WARN_CONSTANT_CONVERSION = YES;
				CLANG_WARN_DEPRECATED_OBJC_IMPLEMENTATIONS = YES;
				CLANG_WARN_DIRECT_OBJC_ISA_USAGE = YES_ERROR;
				CLANG_WARN_DOCUMENTATION_COMMENTS = YES;
				CLANG_WARN_EMPTY_BODY = YES;
				CLANG_WARN_ENUM_CONVERSION = YES;
				CLANG_WARN_INFINITE_RECURSION = YES;
				CLANG_WARN_INT_CONVERSION = YES;
				CLANG_WARN_NON_LITERAL_NULL_CONVERSION = YES;
				CLANG_WARN_OBJC_IMPLICIT_RETAIN_SELF = YES;
				CLANG_WARN_OBJC_LITERAL_CONVERSION = YES;
				CLANG_WARN_OBJC_ROOT_CLASS = YES_ERROR;
				CLANG_WARN_RANGE_LOOP_ANALYSIS = YES;
				CLANG_WARN_STRICT_PROTOTYPES = YES;
				CLANG_WARN_SUSPICIOUS_MOVE = YES;
				CLANG_WARN_UNGUARDED_AVAILABILITY = YES_AGGRESSIVE;
				CLANG_WARN_UNREACHABLE_CODE = YES;
				CLANG_WARN__DUPLICATE_METHOD_MATCH = YES;
				CODE_SIGN_IDENTITY = "iPhone Developer";
				COPY_PHASE_STRIP = NO;
				DEBUG_INFORMATION_FORMAT = dwarf;
				ENABLE_STRICT_OBJC_MSGSEND = YES;
				ENABLE_TESTABILITY = YES;
				GCC_C_LANGUAGE_STANDARD = gnu11;
				GCC_DYNAMIC_NO_PIC = NO;
				GCC_NO_COMMON_BLOCKS = YES;
				GCC_OPTIMIZATION_LEVEL = 0;
				GCC_PREPROCESSOR_DEFINITIONS = (
					"DEBUG=1",
					"$(inherited)",
				);
				GCC_WARN_64_TO_32_BIT_CONVERSION = YES;
				GCC_WARN_ABOUT_RETURN_TYPE = YES_ERROR;
				GCC_WARN_UNDECLARED_SELECTOR = YES;
				GCC_WARN_UNINITIALIZED_AUTOS = YES_AGGRESSIVE;
				GCC_WARN_UNUSED_FUNCTION = YES;
				GCC_WARN_UNUSED_VARIABLE = YES;
				IPHONEOS_DEPLOYMENT_TARGET = 12.1;
				MTL_ENABLE_DEBUG_INFO = INCLUDE_SOURCE;
				MTL_FAST_MATH = YES;
				ONLY_ACTIVE_ARCH = YES;
				SDKROOT = iphoneos;
				SWIFT_ACTIVE_COMPILATION_CONDITIONS = DEBUG;
				SWIFT_OPTIMIZATION_LEVEL = "-Onone";
			};
			name = Debug;
		};
		47CA54F921B772BA00C3E656 /* Release */ = {
			isa = XCBuildConfiguration;
			buildSettings = {
				ALWAYS_SEARCH_USER_PATHS = NO;
				CLANG_ANALYZER_NONNULL = YES;
				CLANG_ANALYZER_NUMBER_OBJECT_CONVERSION = YES_AGGRESSIVE;
				CLANG_CXX_LANGUAGE_STANDARD = "gnu++14";
				CLANG_CXX_LIBRARY = "libc++";
				CLANG_ENABLE_MODULES = YES;
				CLANG_ENABLE_OBJC_ARC = YES;
				CLANG_ENABLE_OBJC_WEAK = YES;
				CLANG_WARN_BLOCK_CAPTURE_AUTORELEASING = YES;
				CLANG_WARN_BOOL_CONVERSION = YES;
				CLANG_WARN_COMMA = YES;
				CLANG_WARN_CONSTANT_CONVERSION = YES;
				CLANG_WARN_DEPRECATED_OBJC_IMPLEMENTATIONS = YES;
				CLANG_WARN_DIRECT_OBJC_ISA_USAGE = YES_ERROR;
				CLANG_WARN_DOCUMENTATION_COMMENTS = YES;
				CLANG_WARN_EMPTY_BODY = YES;
				CLANG_WARN_ENUM_CONVERSION = YES;
				CLANG_WARN_INFINITE_RECURSION = YES;
				CLANG_WARN_INT_CONVERSION = YES;
				CLANG_WARN_NON_LITERAL_NULL_CONVERSION = YES;
				CLANG_WARN_OBJC_IMPLICIT_RETAIN_SELF = YES;
				CLANG_WARN_OBJC_LITERAL_CONVERSION = YES;
				CLANG_WARN_OBJC_ROOT_CLASS = YES_ERROR;
				CLANG_WARN_RANGE_LOOP_ANALYSIS = YES;
				CLANG_WARN_STRICT_PROTOTYPES = YES;
				CLANG_WARN_SUSPICIOUS_MOVE = YES;
				CLANG_WARN_UNGUARDED_AVAILABILITY = YES_AGGRESSIVE;
				CLANG_WARN_UNREACHABLE_CODE = YES;
				CLANG_WARN__DUPLICATE_METHOD_MATCH = YES;
				CODE_SIGN_IDENTITY = "iPhone Developer";
				COPY_PHASE_STRIP = NO;
				DEBUG_INFORMATION_FORMAT = "dwarf-with-dsym";
				ENABLE_NS_ASSERTIONS = NO;
				ENABLE_STRICT_OBJC_MSGSEND = YES;
				GCC_C_LANGUAGE_STANDARD = gnu11;
				GCC_NO_COMMON_BLOCKS = YES;
				GCC_WARN_64_TO_32_BIT_CONVERSION = YES;
				GCC_WARN_ABOUT_RETURN_TYPE = YES_ERROR;
				GCC_WARN_UNDECLARED_SELECTOR = YES;
				GCC_WARN_UNINITIALIZED_AUTOS = YES_AGGRESSIVE;
				GCC_WARN_UNUSED_FUNCTION = YES;
				GCC_WARN_UNUSED_VARIABLE = YES;
				IPHONEOS_DEPLOYMENT_TARGET = 12.1;
				MTL_ENABLE_DEBUG_INFO = NO;
				MTL_FAST_MATH = YES;
				SDKROOT = iphoneos;
				SWIFT_COMPILATION_MODE = wholemodule;
				SWIFT_OPTIMIZATION_LEVEL = "-O";
				VALIDATE_PRODUCT = YES;
			};
			name = Release;
		};
		47CA54FB21B772BA00C3E656 /* Debug */ = {
			isa = XCBuildConfiguration;
			buildSettings = {
				ASSETCATALOG_COMPILER_APPICON_NAME = AppIcon;
				CODE_SIGN_STYLE = Automatic;
				DEVELOPMENT_TEAM = K97249KR63;
				INFOPLIST_FILE = 18/Info.plist;
				LD_RUNPATH_SEARCH_PATHS = (
					"$(inherited)",
					"@executable_path/Frameworks",
				);
				PRODUCT_BUNDLE_IDENTIFIER = "bnkim.-8";
				PRODUCT_NAME = "$(TARGET_NAME)";
				SWIFT_VERSION = 4.2;
				TARGETED_DEVICE_FAMILY = "1,2";
			};
			name = Debug;
		};
		47CA54FC21B772BA00C3E656 /* Release */ = {
			isa = XCBuildConfiguration;
			buildSettings = {
				ASSETCATALOG_COMPILER_APPICON_NAME = AppIcon;
				CODE_SIGN_STYLE = Automatic;
				DEVELOPMENT_TEAM = K97249KR63;
				INFOPLIST_FILE = 18/Info.plist;
				LD_RUNPATH_SEARCH_PATHS = (
					"$(inherited)",
					"@executable_path/Frameworks",
				);
				PRODUCT_BUNDLE_IDENTIFIER = "bnkim.-8";
				PRODUCT_NAME = "$(TARGET_NAME)";
				SWIFT_VERSION = 4.2;
				TARGETED_DEVICE_FAMILY = "1,2";
			};
			name = Release;
		};
/* End XCBuildConfiguration section */

/* Begin XCConfigurationList section */
		47CA54E321B772B300C3E656 /* Build configuration list for PBXProject "WeatherTable_12월5일_다시만들었더니됨" */ = {
			isa = XCConfigurationList;
			buildConfigurations = (
				47CA54F821B772BA00C3E656 /* Debug */,
				47CA54F921B772BA00C3E656 /* Release */,
			);
			defaultConfigurationIsVisible = 0;
			defaultConfigurationName = Release;
		};
		47CA54FA21B772BA00C3E656 /* Build configuration list for PBXNativeTarget "WeatherTable_12월5일_다시만들었더니됨" */ = {
			isa = XCConfigurationList;
			buildConfigurations = (
				47CA54FB21B772BA00C3E656 /* Debug */,
				47CA54FC21B772BA00C3E656 /* Release */,
			);
			defaultConfigurationIsVisible = 0;
			defaultConfigurationName = Release;
		};
/* End XCConfigurationList section */
	};
	rootObject = 47CA54E021B772B300C3E656 /* Project object */;
}
