// !$*UTF8*$!
{
	archiveVersion = 1;
	classes = {
	};
	objectVersion = 50;
	objects = {

/* Begin PBXBuildFile section */
		47EB468A22046F3000EDC023 /* AppDelegate.swift in Sources */ = {isa = PBXBuildFile; fileRef = 47EB468922046F3000EDC023 /* AppDelegate.swift */; };
		47EB468C22046F3000EDC023 /* ViewController.swift in Sources */ = {isa = PBXBuildFile; fileRef = 47EB468B22046F3000EDC023 /* ViewController.swift */; };
		47EB468F22046F3000EDC023 /* Main.storyboard in Resources */ = {isa = PBXBuildFile; fileRef = 47EB468D22046F3000EDC023 /* Main.storyboard */; };
		47EB469122046F3300EDC023 /* Assets.xcassets in Resources */ = {isa = PBXBuildFile; fileRef = 47EB469022046F3300EDC023 /* Assets.xcassets */; };
		47EB469422046F3300EDC023 /* LaunchScreen.storyboard in Resources */ = {isa = PBXBuildFile; fileRef = 47EB469222046F3300EDC023 /* LaunchScreen.storyboard */; };
		47EB469C2204875500EDC023 /* CustomCell.swift in Sources */ = {isa = PBXBuildFile; fileRef = 47EB469B2204875500EDC023 /* CustomCell.swift */; };
		47EB469E22048B3E00EDC023 /* DetailViewController.swift in Sources */ = {isa = PBXBuildFile; fileRef = 47EB469D22048B3E00EDC023 /* DetailViewController.swift */; };
/* End PBXBuildFile section */

/* Begin PBXFileReference section */
		47EB468622046F3000EDC023 /* CustomCell_2월1일.app */ = {isa = PBXFileReference; explicitFileType = wrapper.application; includeInIndex = 0; path = "CustomCell_2월1일.app"; sourceTree = BUILT_PRODUCTS_DIR; };
		47EB468922046F3000EDC023 /* AppDelegate.swift */ = {isa = PBXFileReference; lastKnownFileType = sourcecode.swift; path = AppDelegate.swift; sourceTree = "<group>"; };
		47EB468B22046F3000EDC023 /* ViewController.swift */ = {isa = PBXFileReference; lastKnownFileType = sourcecode.swift; path = ViewController.swift; sourceTree = "<group>"; };
		47EB468E22046F3000EDC023 /* Base */ = {isa = PBXFileReference; lastKnownFileType = file.storyboard; name = Base; path = Base.lproj/Main.storyboard; sourceTree = "<group>"; };
		47EB469022046F3300EDC023 /* Assets.xcassets */ = {isa = PBXFileReference; lastKnownFileType = folder.assetcatalog; path = Assets.xcassets; sourceTree = "<group>"; };
		47EB469322046F3300EDC023 /* Base */ = {isa = PBXFileReference; lastKnownFileType = file.storyboard; name = Base; path = Base.lproj/LaunchScreen.storyboard; sourceTree = "<group>"; };
		47EB469522046F3300EDC023 /* Info.plist */ = {isa = PBXFileReference; lastKnownFileType = text.plist.xml; path = Info.plist; sourceTree = "<group>"; };
		47EB469B2204875500EDC023 /* CustomCell.swift */ = {isa = PBXFileReference; lastKnownFileType = sourcecode.swift; path = CustomCell.swift; sourceTree = "<group>"; };
		47EB469D22048B3E00EDC023 /* DetailViewController.swift */ = {isa = PBXFileReference; lastKnownFileType = sourcecode.swift; path = DetailViewController.swift; sourceTree = "<group>"; };
/* End PBXFileReference section */

/* Begin PBXFrameworksBuildPhase section */
		47EB468322046F3000EDC023 /* Frameworks */ = {
			isa = PBXFrameworksBuildPhase;
			buildActionMask = 2147483647;
			files = (
			);
			runOnlyForDeploymentPostprocessing = 0;
		};
/* End PBXFrameworksBuildPhase section */

/* Begin PBXGroup section */
		47EB467D22046F3000EDC023 = {
			isa = PBXGroup;
			children = (
				47EB468822046F3000EDC023 /* CustomCell_2월1일 */,
				47EB468722046F3000EDC023 /* Products */,
			);
			sourceTree = "<group>";
		};
		47EB468722046F3000EDC023 /* Products */ = {
			isa = PBXGroup;
			children = (
				47EB468622046F3000EDC023 /* CustomCell_2월1일.app */,
			);
			name = Products;
			sourceTree = "<group>";
		};
		47EB468822046F3000EDC023 /* CustomCell_2월1일 */ = {
			isa = PBXGroup;
			children = (
				47EB468922046F3000EDC023 /* AppDelegate.swift */,
				47EB468B22046F3000EDC023 /* ViewController.swift */,
				47EB469B2204875500EDC023 /* CustomCell.swift */,
				47EB469D22048B3E00EDC023 /* DetailViewController.swift */,
				47EB468D22046F3000EDC023 /* Main.storyboard */,
				47EB469022046F3300EDC023 /* Assets.xcassets */,
				47EB469222046F3300EDC023 /* LaunchScreen.storyboard */,
				47EB469522046F3300EDC023 /* Info.plist */,
			);
			path = "CustomCell_2월1일";
			sourceTree = "<group>";
		};
/* End PBXGroup section */

/* Begin PBXNativeTarget section */
		47EB468522046F3000EDC023 /* CustomCell_2월1일 */ = {
			isa = PBXNativeTarget;
			buildConfigurationList = 47EB469822046F3300EDC023 /* Build configuration list for PBXNativeTarget "CustomCell_2월1일" */;
			buildPhases = (
				47EB468222046F3000EDC023 /* Sources */,
				47EB468322046F3000EDC023 /* Frameworks */,
				47EB468422046F3000EDC023 /* Resources */,
			);
			buildRules = (
			);
			dependencies = (
			);
			name = "CustomCell_2월1일";
			productName = "CustomCell_2월1일";
			productReference = 47EB468622046F3000EDC023 /* CustomCell_2월1일.app */;
			productType = "com.apple.product-type.application";
		};
/* End PBXNativeTarget section */

/* Begin PBXProject section */
		47EB467E22046F3000EDC023 /* Project object */ = {
			isa = PBXProject;
			attributes = {
				LastSwiftUpdateCheck = 1000;
				LastUpgradeCheck = 1000;
				ORGANIZATIONNAME = "흠냐방구";
				TargetAttributes = {
					47EB468522046F3000EDC023 = {
						CreatedOnToolsVersion = 10.0;
					};
				};
			};
			buildConfigurationList = 47EB468122046F3000EDC023 /* Build configuration list for PBXProject "CustomCell_2월1일" */;
			compatibilityVersion = "Xcode 9.3";
			developmentRegion = en;
			hasScannedForEncodings = 0;
			knownRegions = (
				en,
				Base,
			);
			mainGroup = 47EB467D22046F3000EDC023;
			productRefGroup = 47EB468722046F3000EDC023 /* Products */;
			projectDirPath = "";
			projectRoot = "";
			targets = (
				47EB468522046F3000EDC023 /* CustomCell_2월1일 */,
			);
		};
/* End PBXProject section */

/* Begin PBXResourcesBuildPhase section */
		47EB468422046F3000EDC023 /* Resources */ = {
			isa = PBXResourcesBuildPhase;
			buildActionMask = 2147483647;
			files = (
				47EB469422046F3300EDC023 /* LaunchScreen.storyboard in Resources */,
				47EB469122046F3300EDC023 /* Assets.xcassets in Resources */,
				47EB468F22046F3000EDC023 /* Main.storyboard in Resources */,
			);
			runOnlyForDeploymentPostprocessing = 0;
		};
/* End PBXResourcesBuildPhase section */

/* Begin PBXSourcesBuildPhase section */
		47EB468222046F3000EDC023 /* Sources */ = {
			isa = PBXSourcesBuildPhase;
			buildActionMask = 2147483647;
			files = (
				47EB468C22046F3000EDC023 /* ViewController.swift in Sources */,
				47EB469C2204875500EDC023 /* CustomCell.swift in Sources */,
				47EB468A22046F3000EDC023 /* AppDelegate.swift in Sources */,
				47EB469E22048B3E00EDC023 /* DetailViewController.swift in Sources */,
			);
			runOnlyForDeploymentPostprocessing = 0;
		};
/* End PBXSourcesBuildPhase section */

/* Begin PBXVariantGroup section */
		47EB468D22046F3000EDC023 /* Main.storyboard */ = {
			isa = PBXVariantGroup;
			children = (
				47EB468E22046F3000EDC023 /* Base */,
			);
			name = Main.storyboard;
			sourceTree = "<group>";
		};
		47EB469222046F3300EDC023 /* LaunchScreen.storyboard */ = {
			isa = PBXVariantGroup;
			children = (
				47EB469322046F3300EDC023 /* Base */,
			);
			name = LaunchScreen.storyboard;
			sourceTree = "<group>";
		};
/* End PBXVariantGroup section */

/* Begin XCBuildConfiguration section */
		47EB469622046F3300EDC023 /* Debug */ = {
			isa = XCBuildConfiguration;
			buildSettings = {
				ALWAYS_SEARCH_USER_PATHS = NO;
				CLANG_ANALYZER_NONNULL = YES;
				CLANG_ANALYZER_NUMBER_OBJECT_CONVERSION = YES_AGGRESSIVE;
				CLANG_CXX_LANGUAGE_STANDARD = "gnu++14";
				CLANG_CXX_LIBRARY = "libc++";
				CLANG_ENABLE_MODULES = YES;
				CLANG_ENABLE_OBJC_ARC = YES;
				CLANG_ENABLE_OBJC_WEAK = YES;
				CLANG_WARN_BLOCK_CAPTURE_AUTORELEASING = YES;
				CLANG_WARN_BOOL_CONVERSION = YES;
				CLANG_WARN_COMMA = YES;
				CLANG_WARN_CONSTANT_CONVERSION = YES;
				CLANG_WARN_DEPRECATED_OBJC_IMPLEMENTATIONS = YES;
				CLANG_WARN_DIRECT_OBJC_ISA_USAGE = YES_ERROR;
				CLANG_WARN_DOCUMENTATION_COMMENTS = YES;
				CLANG_WARN_EMPTY_BODY = YES;
				CLANG_WARN_ENUM_CONVERSION = YES;
				CLANG_WARN_INFINITE_RECURSION = YES;
				CLANG_WARN_INT_CONVERSION = YES;
				CLANG_WARN_NON_LITERAL_NULL_CONVERSION = YES;
				CLANG_WARN_OBJC_IMPLICIT_RETAIN_SELF = YES;
				CLANG_WARN_OBJC_LITERAL_CONVERSION = YES;
				CLANG_WARN_OBJC_ROOT_CLASS = YES_ERROR;
				CLANG_WARN_RANGE_LOOP_ANALYSIS = YES;
				CLANG_WARN_STRICT_PROTOTYPES = YES;
				CLANG_WARN_SUSPICIOUS_MOVE = YES;
				CLANG_WARN_UNGUARDED_AVAILABILITY = YES_AGGRESSIVE;
				CLANG_WARN_UNREACHABLE_CODE = YES;
				CLANG_WARN__DUPLICATE_METHOD_MATCH = YES;
				CODE_SIGN_IDENTITY = "iPhone Developer";
				COPY_PHASE_STRIP = NO;
				DEBUG_INFORMATION_FORMAT = dwarf;
				ENABLE_STRICT_OBJC_MSGSEND = YES;
				ENABLE_TESTABILITY = YES;
				GCC_C_LANGUAGE_STANDARD = gnu11;
				GCC_DYNAMIC_NO_PIC = NO;
				GCC_NO_COMMON_BLOCKS = YES;
				GCC_OPTIMIZATION_LEVEL = 0;
				GCC_PREPROCESSOR_DEFINITIONS = (
					"DEBUG=1",
					"$(inherited)",
				);
				GCC_WARN_64_TO_32_BIT_CONVERSION = YES;
				GCC_WARN_ABOUT_RETURN_TYPE = YES_ERROR;
				GCC_WARN_UNDECLARED_SELECTOR = YES;
				GCC_WARN_UNINITIALIZED_AUTOS = YES_AGGRESSIVE;
				GCC_WARN_UNUSED_FUNCTION = YES;
				GCC_WARN_UNUSED_VARIABLE = YES;
				IPHONEOS_DEPLOYMENT_TARGET = 12.0;
				MTL_ENABLE_DEBUG_INFO = INCLUDE_SOURCE;
				MTL_FAST_MATH = YES;
				ONLY_ACTIVE_ARCH = YES;
				SDKROOT = iphoneos;
				SWIFT_ACTIVE_COMPILATION_CONDITIONS = DEBUG;
				SWIFT_OPTIMIZATION_LEVEL = "-Onone";
			};
			name = Debug;
		};
		47EB469722046F3300EDC023 /* Release */ = {
			isa = XCBuildConfiguration;
			buildSettings = {
				ALWAYS_SEARCH_USER_PATHS = NO;
				CLANG_ANALYZER_NONNULL = YES;
				CLANG_ANALYZER_NUMBER_OBJECT_CONVERSION = YES_AGGRESSIVE;
				CLANG_CXX_LANGUAGE_STANDARD = "gnu++14";
				CLANG_CXX_LIBRARY = "libc++";
				CLANG_ENABLE_MODULES = YES;
				CLANG_ENABLE_OBJC_ARC = YES;
				CLANG_ENABLE_OBJC_WEAK = YES;
				CLANG_WARN_BLOCK_CAPTURE_AUTORELEASING = YES;
				CLANG_WARN_BOOL_CONVERSION = YES;
				CLANG_WARN_COMMA = YES;
				CLANG_WARN_CONSTANT_CONVERSION = YES;
				CLANG_WARN_DEPRECATED_OBJC_IMPLEMENTATIONS = YES;
				CLANG_WARN_DIRECT_OBJC_ISA_USAGE = YES_ERROR;
				CLANG_WARN_DOCUMENTATION_COMMENTS = YES;
				CLANG_WARN_EMPTY_BODY = YES;
				CLANG_WARN_ENUM_CONVERSION = YES;
				CLANG_WARN_INFINITE_RECURSION = YES;
				CLANG_WARN_INT_CONVERSION = YES;
				CLANG_WARN_NON_LITERAL_NULL_CONVERSION = YES;
				CLANG_WARN_OBJC_IMPLICIT_RETAIN_SELF = YES;
				CLANG_WARN_OBJC_LITERAL_CONVERSION = YES;
				CLANG_WARN_OBJC_ROOT_CLASS = YES_ERROR;
				CLANG_WARN_RANGE_LOOP_ANALYSIS = YES;
				CLANG_WARN_STRICT_PROTOTYPES = YES;
				CLANG_WARN_SUSPICIOUS_MOVE = YES;
				CLANG_WARN_UNGUARDED_AVAILABILITY = YES_AGGRESSIVE;
				CLANG_WARN_UNREACHABLE_CODE = YES;
				CLANG_WARN__DUPLICATE_METHOD_MATCH = YES;
				CODE_SIGN_IDENTITY = "iPhone Developer";
				COPY_PHASE_STRIP = NO;
				DEBUG_INFORMATION_FORMAT = "dwarf-with-dsym";
				ENABLE_NS_ASSERTIONS = NO;
				ENABLE_STRICT_OBJC_MSGSEND = YES;
				GCC_C_LANGUAGE_STANDARD = gnu11;
				GCC_NO_COMMON_BLOCKS = YES;
				GCC_WARN_64_TO_32_BIT_CONVERSION = YES;
				GCC_WARN_ABOUT_RETURN_TYPE = YES_ERROR;
				GCC_WARN_UNDECLARED_SELECTOR = YES;
				GCC_WARN_UNINITIALIZED_AUTOS = YES_AGGRESSIVE;
				GCC_WARN_UNUSED_FUNCTION = YES;
				GCC_WARN_UNUSED_VARIABLE = YES;
				IPHONEOS_DEPLOYMENT_TARGET = 12.0;
				MTL_ENABLE_DEBUG_INFO = NO;
				MTL_FAST_MATH = YES;
				SDKROOT = iphoneos;
				SWIFT_COMPILATION_MODE = wholemodule;
				SWIFT_OPTIMIZATION_LEVEL = "-O";
				VALIDATE_PRODUCT = YES;
			};
			name = Release;
		};
		47EB469922046F3300EDC023 /* Debug */ = {
			isa = XCBuildConfiguration;
			buildSettings = {
				ASSETCATALOG_COMPILER_APPICON_NAME = AppIcon;
				CODE_SIGN_STYLE = Automatic;
				DEVELOPMENT_TEAM = K97249KR63;
				INFOPLIST_FILE = "CustomCell_2월1일/Info.plist";
				LD_RUNPATH_SEARCH_PATHS = (
					"$(inherited)",
					"@executable_path/Frameworks",
				);
				PRODUCT_BUNDLE_IDENTIFIER = "bnkim.CustomCell-2---1---";
				PRODUCT_NAME = "$(TARGET_NAME)";
				SWIFT_VERSION = 4.2;
				TARGETED_DEVICE_FAMILY = "1,2";
			};
			name = Debug;
		};
		47EB469A22046F3300EDC023 /* Release */ = {
			isa = XCBuildConfiguration;
			buildSettings = {
				ASSETCATALOG_COMPILER_APPICON_NAME = AppIcon;
				CODE_SIGN_STYLE = Automatic;
				DEVELOPMENT_TEAM = K97249KR63;
				INFOPLIST_FILE = "CustomCell_2월1일/Info.plist";
				LD_RUNPATH_SEARCH_PATHS = (
					"$(inherited)",
					"@executable_path/Frameworks",
				);
				PRODUCT_BUNDLE_IDENTIFIER = "bnkim.CustomCell-2---1---";
				PRODUCT_NAME = "$(TARGET_NAME)";
				SWIFT_VERSION = 4.2;
				TARGETED_DEVICE_FAMILY = "1,2";
			};
			name = Release;
		};
/* End XCBuildConfiguration section */

/* Begin XCConfigurationList section */
		47EB468122046F3000EDC023 /* Build configuration list for PBXProject "CustomCell_2월1일" */ = {
			isa = XCConfigurationList;
			buildConfigurations = (
				47EB469622046F3300EDC023 /* Debug */,
				47EB469722046F3300EDC023 /* Release */,
			);
			defaultConfigurationIsVisible = 0;
			defaultConfigurationName = Release;
		};
		47EB469822046F3300EDC023 /* Build configuration list for PBXNativeTarget "CustomCell_2월1일" */ = {
			isa = XCConfigurationList;
			buildConfigurations = (
				47EB469922046F3300EDC023 /* Debug */,
				47EB469A22046F3300EDC023 /* Release */,
			);
			defaultConfigurationIsVisible = 0;
			defaultConfigurationName = Release;
		};
/* End XCConfigurationList section */
	};
	rootObject = 47EB467E22046F3000EDC023 /* Project object */;
}
