// !$*UTF8*$!
{
	archiveVersion = 1;
	classes = {
	};
	objectVersion = 50;
	objects = {

/* Begin PBXBuildFile section */
		470CAE2821D2FF3100C7A0A4 /* WeatherCell.swift in Sources */ = {isa = PBXBuildFile; fileRef = 470CAE2721D2FF3100C7A0A4 /* WeatherCell.swift */; };
		470CAE2F21D3021D00C7A0A4 /* rainy.png in Resources */ = {isa = PBXBuildFile; fileRef = 470CAE2A21D3021D00C7A0A4 /* rainy.png */; };
		470CAE3021D3021D00C7A0A4 /* blizzard.png in Resources */ = {isa = PBXBuildFile; fileRef = 470CAE2B21D3021D00C7A0A4 /* blizzard.png */; };
		470CAE3121D3021D00C7A0A4 /* snow.png in Resources */ = {isa = PBXBuildFile; fileRef = 470CAE2C21D3021D00C7A0A4 /* snow.png */; };
		470CAE3221D3021D00C7A0A4 /* sunny.png in Resources */ = {isa = PBXBuildFile; fileRef = 470CAE2D21D3021D00C7A0A4 /* sunny.png */; };
		470CAE3321D3021D00C7A0A4 /* cloudy.png in Resources */ = {isa = PBXBuildFile; fileRef = 470CAE2E21D3021D00C7A0A4 /* cloudy.png */; };
		47A7A28521D1CAA70072F92C /* AppDelegate.swift in Sources */ = {isa = PBXBuildFile; fileRef = 47A7A28421D1CAA70072F92C /* AppDelegate.swift */; };
		47A7A28721D1CAA70072F92C /* ViewController.swift in Sources */ = {isa = PBXBuildFile; fileRef = 47A7A28621D1CAA70072F92C /* ViewController.swift */; };
		47A7A28A21D1CAA70072F92C /* Main.storyboard in Resources */ = {isa = PBXBuildFile; fileRef = 47A7A28821D1CAA70072F92C /* Main.storyboard */; };
		47A7A28C21D1CAAA0072F92C /* Assets.xcassets in Resources */ = {isa = PBXBuildFile; fileRef = 47A7A28B21D1CAAA0072F92C /* Assets.xcassets */; };
		47A7A28F21D1CAAA0072F92C /* LaunchScreen.storyboard in Resources */ = {isa = PBXBuildFile; fileRef = 47A7A28D21D1CAAA0072F92C /* LaunchScreen.storyboard */; };
/* End PBXBuildFile section */

/* Begin PBXFileReference section */
		470CAE2721D2FF3100C7A0A4 /* WeatherCell.swift */ = {isa = PBXFileReference; lastKnownFileType = sourcecode.swift; path = WeatherCell.swift; sourceTree = "<group>"; };
		470CAE2A21D3021D00C7A0A4 /* rainy.png */ = {isa = PBXFileReference; lastKnownFileType = image.png; name = rainy.png; path = "../../../../../Desktop/‼️swift강의/WeatherTable/11-2.-WeatherTable-Images/rainy.png"; sourceTree = "<group>"; };
		470CAE2B21D3021D00C7A0A4 /* blizzard.png */ = {isa = PBXFileReference; lastKnownFileType = image.png; name = blizzard.png; path = "../../../../../Desktop/‼️swift강의/WeatherTable/11-2.-WeatherTable-Images/blizzard.png"; sourceTree = "<group>"; };
		470CAE2C21D3021D00C7A0A4 /* snow.png */ = {isa = PBXFileReference; lastKnownFileType = image.png; name = snow.png; path = "../../../../../Desktop/‼️swift강의/WeatherTable/11-2.-WeatherTable-Images/snow.png"; sourceTree = "<group>"; };
		470CAE2D21D3021D00C7A0A4 /* sunny.png */ = {isa = PBXFileReference; lastKnownFileType = image.png; name = sunny.png; path = "../../../../../Desktop/‼️swift강의/WeatherTable/11-2.-WeatherTable-Images/sunny.png"; sourceTree = "<group>"; };
		470CAE2E21D3021D00C7A0A4 /* cloudy.png */ = {isa = PBXFileReference; lastKnownFileType = image.png; name = cloudy.png; path = "../../../../../Desktop/‼️swift강의/WeatherTable/11-2.-WeatherTable-Images/cloudy.png"; sourceTree = "<group>"; };
		47A7A28121D1CAA70072F92C /* XMLParser_12월25일.app */ = {isa = PBXFileReference; explicitFileType = wrapper.application; includeInIndex = 0; path = "XMLParser_12월25일.app"; sourceTree = BUILT_PRODUCTS_DIR; };
		47A7A28421D1CAA70072F92C /* AppDelegate.swift */ = {isa = PBXFileReference; lastKnownFileType = sourcecode.swift; path = AppDelegate.swift; sourceTree = "<group>"; };
		47A7A28621D1CAA70072F92C /* ViewController.swift */ = {isa = PBXFileReference; lastKnownFileType = sourcecode.swift; path = ViewController.swift; sourceTree = "<group>"; };
		47A7A28921D1CAA70072F92C /* Base */ = {isa = PBXFileReference; lastKnownFileType = file.storyboard; name = Base; path = Base.lproj/Main.storyboard; sourceTree = "<group>"; };
		47A7A28B21D1CAAA0072F92C /* Assets.xcassets */ = {isa = PBXFileReference; lastKnownFileType = folder.assetcatalog; path = Assets.xcassets; sourceTree = "<group>"; };
		47A7A28E21D1CAAA0072F92C /* Base */ = {isa = PBXFileReference; lastKnownFileType = file.storyboard; name = Base; path = Base.lproj/LaunchScreen.storyboard; sourceTree = "<group>"; };
		47A7A29021D1CAAA0072F92C /* Info.plist */ = {isa = PBXFileReference; lastKnownFileType = text.plist.xml; path = Info.plist; sourceTree = "<group>"; };
/* End PBXFileReference section */

/* Begin PBXFrameworksBuildPhase section */
		47A7A27E21D1CAA70072F92C /* Frameworks */ = {
			isa = PBXFrameworksBuildPhase;
			buildActionMask = 2147483647;
			files = (
			);
			runOnlyForDeploymentPostprocessing = 0;
		};
/* End PBXFrameworksBuildPhase section */

/* Begin PBXGroup section */
		470CAE2921D301F400C7A0A4 /* Resource */ = {
			isa = PBXGroup;
			children = (
				470CAE2B21D3021D00C7A0A4 /* blizzard.png */,
				470CAE2E21D3021D00C7A0A4 /* cloudy.png */,
				470CAE2A21D3021D00C7A0A4 /* rainy.png */,
				470CAE2C21D3021D00C7A0A4 /* snow.png */,
				470CAE2D21D3021D00C7A0A4 /* sunny.png */,
			);
			path = Resource;
			sourceTree = "<group>";
		};
		47A7A27821D1CAA70072F92C = {
			isa = PBXGroup;
			children = (
				47A7A28321D1CAA70072F92C /* XMLParser_12월25일 */,
				47A7A28221D1CAA70072F92C /* Products */,
			);
			sourceTree = "<group>";
		};
		47A7A28221D1CAA70072F92C /* Products */ = {
			isa = PBXGroup;
			children = (
				47A7A28121D1CAA70072F92C /* XMLParser_12월25일.app */,
			);
			name = Products;
			sourceTree = "<group>";
		};
		47A7A28321D1CAA70072F92C /* XMLParser_12월25일 */ = {
			isa = PBXGroup;
			children = (
				470CAE2921D301F400C7A0A4 /* Resource */,
				47A7A28421D1CAA70072F92C /* AppDelegate.swift */,
				47A7A28621D1CAA70072F92C /* ViewController.swift */,
				470CAE2721D2FF3100C7A0A4 /* WeatherCell.swift */,
				47A7A28821D1CAA70072F92C /* Main.storyboard */,
				47A7A28B21D1CAAA0072F92C /* Assets.xcassets */,
				47A7A28D21D1CAAA0072F92C /* LaunchScreen.storyboard */,
				47A7A29021D1CAAA0072F92C /* Info.plist */,
			);
			path = "XMLParser_12월25일";
			sourceTree = "<group>";
		};
/* End PBXGroup section */

/* Begin PBXNativeTarget section */
		47A7A28021D1CAA70072F92C /* XMLParser_12월25일 */ = {
			isa = PBXNativeTarget;
			buildConfigurationList = 47A7A29321D1CAAA0072F92C /* Build configuration list for PBXNativeTarget "XMLParser_12월25일" */;
			buildPhases = (
				47A7A27D21D1CAA70072F92C /* Sources */,
				47A7A27E21D1CAA70072F92C /* Frameworks */,
				47A7A27F21D1CAA70072F92C /* Resources */,
			);
			buildRules = (
			);
			dependencies = (
			);
			name = "XMLParser_12월25일";
			productName = "XMLParser_12월25일";
			productReference = 47A7A28121D1CAA70072F92C /* XMLParser_12월25일.app */;
			productType = "com.apple.product-type.application";
		};
/* End PBXNativeTarget section */

/* Begin PBXProject section */
		47A7A27921D1CAA70072F92C /* Project object */ = {
			isa = PBXProject;
			attributes = {
				LastSwiftUpdateCheck = 1010;
				LastUpgradeCheck = 1010;
				ORGANIZATIONNAME = "흠냐방구";
				TargetAttributes = {
					47A7A28021D1CAA70072F92C = {
						CreatedOnToolsVersion = 10.1;
					};
				};
			};
			buildConfigurationList = 47A7A27C21D1CAA70072F92C /* Build configuration list for PBXProject "XMLParser_12월25일" */;
			compatibilityVersion = "Xcode 9.3";
			developmentRegion = en;
			hasScannedForEncodings = 0;
			knownRegions = (
				en,
				Base,
			);
			mainGroup = 47A7A27821D1CAA70072F92C;
			productRefGroup = 47A7A28221D1CAA70072F92C /* Products */;
			projectDirPath = "";
			projectRoot = "";
			targets = (
				47A7A28021D1CAA70072F92C /* XMLParser_12월25일 */,
			);
		};
/* End PBXProject section */

/* Begin PBXResourcesBuildPhase section */
		47A7A27F21D1CAA70072F92C /* Resources */ = {
			isa = PBXResourcesBuildPhase;
			buildActionMask = 2147483647;
			files = (
				470CAE3221D3021D00C7A0A4 /* sunny.png in Resources */,
				470CAE3021D3021D00C7A0A4 /* blizzard.png in Resources */,
				47A7A28F21D1CAAA0072F92C /* LaunchScreen.storyboard in Resources */,
				470CAE3121D3021D00C7A0A4 /* snow.png in Resources */,
				47A7A28C21D1CAAA0072F92C /* Assets.xcassets in Resources */,
				470CAE3321D3021D00C7A0A4 /* cloudy.png in Resources */,
				47A7A28A21D1CAA70072F92C /* Main.storyboard in Resources */,
				470CAE2F21D3021D00C7A0A4 /* rainy.png in Resources */,
			);
			runOnlyForDeploymentPostprocessing = 0;
		};
/* End PBXResourcesBuildPhase section */

/* Begin PBXSourcesBuildPhase section */
		47A7A27D21D1CAA70072F92C /* Sources */ = {
			isa = PBXSourcesBuildPhase;
			buildActionMask = 2147483647;
			files = (
				47A7A28721D1CAA70072F92C /* ViewController.swift in Sources */,
				47A7A28521D1CAA70072F92C /* AppDelegate.swift in Sources */,
				470CAE2821D2FF3100C7A0A4 /* WeatherCell.swift in Sources */,
			);
			runOnlyForDeploymentPostprocessing = 0;
		};
/* End PBXSourcesBuildPhase section */

/* Begin PBXVariantGroup section */
		47A7A28821D1CAA70072F92C /* Main.storyboard */ = {
			isa = PBXVariantGroup;
			children = (
				47A7A28921D1CAA70072F92C /* Base */,
			);
			name = Main.storyboard;
			sourceTree = "<group>";
		};
		47A7A28D21D1CAAA0072F92C /* LaunchScreen.storyboard */ = {
			isa = PBXVariantGroup;
			children = (
				47A7A28E21D1CAAA0072F92C /* Base */,
			);
			name = LaunchScreen.storyboard;
			sourceTree = "<group>";
		};
/* End PBXVariantGroup section */

/* Begin XCBuildConfiguration section */
		47A7A29121D1CAAA0072F92C /* Debug */ = {
			isa = XCBuildConfiguration;
			buildSettings = {
				ALWAYS_SEARCH_USER_PATHS = NO;
				CLANG_ANALYZER_NONNULL = YES;
				CLANG_ANALYZER_NUMBER_OBJECT_CONVERSION = YES_AGGRESSIVE;
				CLANG_CXX_LANGUAGE_STANDARD = "gnu++14";
				CLANG_CXX_LIBRARY = "libc++";
				CLANG_ENABLE_MODULES = YES;
				CLANG_ENABLE_OBJC_ARC = YES;
				CLANG_ENABLE_OBJC_WEAK = YES;
				CLANG_WARN_BLOCK_CAPTURE_AUTORELEASING = YES;
				CLANG_WARN_BOOL_CONVERSION = YES;
				CLANG_WARN_COMMA = YES;
				CLANG_WARN_CONSTANT_CONVERSION = YES;
				CLANG_WARN_DEPRECATED_OBJC_IMPLEMENTATIONS = YES;
				CLANG_WARN_DIRECT_OBJC_ISA_USAGE = YES_ERROR;
				CLANG_WARN_DOCUMENTATION_COMMENTS = YES;
				CLANG_WARN_EMPTY_BODY = YES;
				CLANG_WARN_ENUM_CONVERSION = YES;
				CLANG_WARN_INFINITE_RECURSION = YES;
				CLANG_WARN_INT_CONVERSION = YES;
				CLANG_WARN_NON_LITERAL_NULL_CONVERSION = YES;
				CLANG_WARN_OBJC_IMPLICIT_RETAIN_SELF = YES;
				CLANG_WARN_OBJC_LITERAL_CONVERSION = YES;
				CLANG_WARN_OBJC_ROOT_CLASS = YES_ERROR;
				CLANG_WARN_RANGE_LOOP_ANALYSIS = YES;
				CLANG_WARN_STRICT_PROTOTYPES = YES;
				CLANG_WARN_SUSPICIOUS_MOVE = YES;
				CLANG_WARN_UNGUARDED_AVAILABILITY = YES_AGGRESSIVE;
				CLANG_WARN_UNREACHABLE_CODE = YES;
				CLANG_WARN__DUPLICATE_METHOD_MATCH = YES;
				CODE_SIGN_IDENTITY = "iPhone Developer";
				COPY_PHASE_STRIP = NO;
				DEBUG_INFORMATION_FORMAT = dwarf;
				ENABLE_STRICT_OBJC_MSGSEND = YES;
				ENABLE_TESTABILITY = YES;
				GCC_C_LANGUAGE_STANDARD = gnu11;
				GCC_DYNAMIC_NO_PIC = NO;
				GCC_NO_COMMON_BLOCKS = YES;
				GCC_OPTIMIZATION_LEVEL = 0;
				GCC_PREPROCESSOR_DEFINITIONS = (
					"DEBUG=1",
					"$(inherited)",
				);
				GCC_WARN_64_TO_32_BIT_CONVERSION = YES;
				GCC_WARN_ABOUT_RETURN_TYPE = YES_ERROR;
				GCC_WARN_UNDECLARED_SELECTOR = YES;
				GCC_WARN_UNINITIALIZED_AUTOS = YES_AGGRESSIVE;
				GCC_WARN_UNUSED_FUNCTION = YES;
				GCC_WARN_UNUSED_VARIABLE = YES;
				IPHONEOS_DEPLOYMENT_TARGET = 12.1;
				MTL_ENABLE_DEBUG_INFO = INCLUDE_SOURCE;
				MTL_FAST_MATH = YES;
				ONLY_ACTIVE_ARCH = YES;
				SDKROOT = iphoneos;
				SWIFT_ACTIVE_COMPILATION_CONDITIONS = DEBUG;
				SWIFT_OPTIMIZATION_LEVEL = "-Onone";
			};
			name = Debug;
		};
		47A7A29221D1CAAA0072F92C /* Release */ = {
			isa = XCBuildConfiguration;
			buildSettings = {
				ALWAYS_SEARCH_USER_PATHS = NO;
				CLANG_ANALYZER_NONNULL = YES;
				CLANG_ANALYZER_NUMBER_OBJECT_CONVERSION = YES_AGGRESSIVE;
				CLANG_CXX_LANGUAGE_STANDARD = "gnu++14";
				CLANG_CXX_LIBRARY = "libc++";
				CLANG_ENABLE_MODULES = YES;
				CLANG_ENABLE_OBJC_ARC = YES;
				CLANG_ENABLE_OBJC_WEAK = YES;
				CLANG_WARN_BLOCK_CAPTURE_AUTORELEASING = YES;
				CLANG_WARN_BOOL_CONVERSION = YES;
				CLANG_WARN_COMMA = YES;
				CLANG_WARN_CONSTANT_CONVERSION = YES;
				CLANG_WARN_DEPRECATED_OBJC_IMPLEMENTATIONS = YES;
				CLANG_WARN_DIRECT_OBJC_ISA_USAGE = YES_ERROR;
				CLANG_WARN_DOCUMENTATION_COMMENTS = YES;
				CLANG_WARN_EMPTY_BODY = YES;
				CLANG_WARN_ENUM_CONVERSION = YES;
				CLANG_WARN_INFINITE_RECURSION = YES;
				CLANG_WARN_INT_CONVERSION = YES;
				CLANG_WARN_NON_LITERAL_NULL_CONVERSION = YES;
				CLANG_WARN_OBJC_IMPLICIT_RETAIN_SELF = YES;
				CLANG_WARN_OBJC_LITERAL_CONVERSION = YES;
				CLANG_WARN_OBJC_ROOT_CLASS = YES_ERROR;
				CLANG_WARN_RANGE_LOOP_ANALYSIS = YES;
				CLANG_WARN_STRICT_PROTOTYPES = YES;
				CLANG_WARN_SUSPICIOUS_MOVE = YES;
				CLANG_WARN_UNGUARDED_AVAILABILITY = YES_AGGRESSIVE;
				CLANG_WARN_UNREACHABLE_CODE = YES;
				CLANG_WARN__DUPLICATE_METHOD_MATCH = YES;
				CODE_SIGN_IDENTITY = "iPhone Developer";
				COPY_PHASE_STRIP = NO;
				DEBUG_INFORMATION_FORMAT = "dwarf-with-dsym";
				ENABLE_NS_ASSERTIONS = NO;
				ENABLE_STRICT_OBJC_MSGSEND = YES;
				GCC_C_LANGUAGE_STANDARD = gnu11;
				GCC_NO_COMMON_BLOCKS = YES;
				GCC_WARN_64_TO_32_BIT_CONVERSION = YES;
				GCC_WARN_ABOUT_RETURN_TYPE = YES_ERROR;
				GCC_WARN_UNDECLARED_SELECTOR = YES;
				GCC_WARN_UNINITIALIZED_AUTOS = YES_AGGRESSIVE;
				GCC_WARN_UNUSED_FUNCTION = YES;
				GCC_WARN_UNUSED_VARIABLE = YES;
				IPHONEOS_DEPLOYMENT_TARGET = 12.1;
				MTL_ENABLE_DEBUG_INFO = NO;
				MTL_FAST_MATH = YES;
				SDKROOT = iphoneos;
				SWIFT_COMPILATION_MODE = wholemodule;
				SWIFT_OPTIMIZATION_LEVEL = "-O";
				VALIDATE_PRODUCT = YES;
			};
			name = Release;
		};
		47A7A29421D1CAAA0072F92C /* Debug */ = {
			isa = XCBuildConfiguration;
			buildSettings = {
				ASSETCATALOG_COMPILER_APPICON_NAME = AppIcon;
				CODE_SIGN_STYLE = Automatic;
				DEVELOPMENT_TEAM = K97249KR63;
				INFOPLIST_FILE = "XMLParser_12월25일/Info.plist";
				LD_RUNPATH_SEARCH_PATHS = (
					"$(inherited)",
					"@executable_path/Frameworks",
				);
				PRODUCT_BUNDLE_IDENTIFIER = "bnkim.XMLParser-12---25---";
				PRODUCT_NAME = "$(TARGET_NAME)";
				SWIFT_VERSION = 4.2;
				TARGETED_DEVICE_FAMILY = "1,2";
			};
			name = Debug;
		};
		47A7A29521D1CAAA0072F92C /* Release */ = {
			isa = XCBuildConfiguration;
			buildSettings = {
				ASSETCATALOG_COMPILER_APPICON_NAME = AppIcon;
				CODE_SIGN_STYLE = Automatic;
				DEVELOPMENT_TEAM = K97249KR63;
				INFOPLIST_FILE = "XMLParser_12월25일/Info.plist";
				LD_RUNPATH_SEARCH_PATHS = (
					"$(inherited)",
					"@executable_path/Frameworks",
				);
				PRODUCT_BUNDLE_IDENTIFIER = "bnkim.XMLParser-12---25---";
				PRODUCT_NAME = "$(TARGET_NAME)";
				SWIFT_VERSION = 4.2;
				TARGETED_DEVICE_FAMILY = "1,2";
			};
			name = Release;
		};
/* End XCBuildConfiguration section */

/* Begin XCConfigurationList section */
		47A7A27C21D1CAA70072F92C /* Build configuration list for PBXProject "XMLParser_12월25일" */ = {
			isa = XCConfigurationList;
			buildConfigurations = (
				47A7A29121D1CAAA0072F92C /* Debug */,
				47A7A29221D1CAAA0072F92C /* Release */,
			);
			defaultConfigurationIsVisible = 0;
			defaultConfigurationName = Release;
		};
		47A7A29321D1CAAA0072F92C /* Build configuration list for PBXNativeTarget "XMLParser_12월25일" */ = {
			isa = XCConfigurationList;
			buildConfigurations = (
				47A7A29421D1CAAA0072F92C /* Debug */,
				47A7A29521D1CAAA0072F92C /* Release */,
			);
			defaultConfigurationIsVisible = 0;
			defaultConfigurationName = Release;
		};
/* End XCConfigurationList section */
	};
	rootObject = 47A7A27921D1CAA70072F92C /* Project object */;
}
