// !$*UTF8*$!
{
	archiveVersion = 1;
	classes = {
	};
	objectVersion = 50;
	objects = {

/* Begin PBXBuildFile section */
		470A882B21CA295E00819D87 /* AppDelegate.swift in Sources */ = {isa = PBXBuildFile; fileRef = 470A882A21CA295E00819D87 /* AppDelegate.swift */; };
		470A882D21CA295E00819D87 /* ViewController.swift in Sources */ = {isa = PBXBuildFile; fileRef = 470A882C21CA295E00819D87 /* ViewController.swift */; };
		470A883021CA295E00819D87 /* Main.storyboard in Resources */ = {isa = PBXBuildFile; fileRef = 470A882E21CA295E00819D87 /* Main.storyboard */; };
		470A883221CA296000819D87 /* Assets.xcassets in Resources */ = {isa = PBXBuildFile; fileRef = 470A883121CA296000819D87 /* Assets.xcassets */; };
		470A883521CA296000819D87 /* LaunchScreen.storyboard in Resources */ = {isa = PBXBuildFile; fileRef = 470A883321CA296000819D87 /* LaunchScreen.storyboard */; };
		470A884721CA2BB300819D87 /* lamborghini-veneno.jpg in Resources */ = {isa = PBXBuildFile; fileRef = 470A883F21CA2BB300819D87 /* lamborghini-veneno.jpg */; };
		470A884821CA2BB300819D87 /* tesla-model-s.jpg in Resources */ = {isa = PBXBuildFile; fileRef = 470A884021CA2BB300819D87 /* tesla-model-s.jpg */; };
		470A884921CA2BB300819D87 /* lamborghini-huracan.jpg in Resources */ = {isa = PBXBuildFile; fileRef = 470A884121CA2BB300819D87 /* lamborghini-huracan.jpg */; };
		470A884A21CA2BB300819D87 /* background.jpeg in Resources */ = {isa = PBXBuildFile; fileRef = 470A884221CA2BB300819D87 /* background.jpeg */; };
		470A884B21CA2BB300819D87 /* tesla-model-x.jpg in Resources */ = {isa = PBXBuildFile; fileRef = 470A884321CA2BB300819D87 /* tesla-model-x.jpg */; };
		470A884C21CA2BB300819D87 /* porsche-911.jpg in Resources */ = {isa = PBXBuildFile; fileRef = 470A884421CA2BB300819D87 /* porsche-911.jpg */; };
		470A884D21CA2BB300819D87 /* porsche-boxter.jpg in Resources */ = {isa = PBXBuildFile; fileRef = 470A884521CA2BB300819D87 /* porsche-boxter.jpg */; };
		470A884E21CA2BB300819D87 /* lamborghini-aventador.jpg in Resources */ = {isa = PBXBuildFile; fileRef = 470A884621CA2BB300819D87 /* lamborghini-aventador.jpg */; };
/* End PBXBuildFile section */

/* Begin PBXFileReference section */
		470A882721CA295E00819D87 /* SelectCar_12월19일오후.app */ = {isa = PBXFileReference; explicitFileType = wrapper.application; includeInIndex = 0; path = "SelectCar_12월19일오후.app"; sourceTree = BUILT_PRODUCTS_DIR; };
		470A882A21CA295E00819D87 /* AppDelegate.swift */ = {isa = PBXFileReference; lastKnownFileType = sourcecode.swift; path = AppDelegate.swift; sourceTree = "<group>"; };
		470A882C21CA295E00819D87 /* ViewController.swift */ = {isa = PBXFileReference; lastKnownFileType = sourcecode.swift; path = ViewController.swift; sourceTree = "<group>"; };
		470A882F21CA295E00819D87 /* Base */ = {isa = PBXFileReference; lastKnownFileType = file.storyboard; name = Base; path = Base.lproj/Main.storyboard; sourceTree = "<group>"; };
		470A883121CA296000819D87 /* Assets.xcassets */ = {isa = PBXFileReference; lastKnownFileType = folder.assetcatalog; path = Assets.xcassets; sourceTree = "<group>"; };
		470A883421CA296000819D87 /* Base */ = {isa = PBXFileReference; lastKnownFileType = file.storyboard; name = Base; path = Base.lproj/LaunchScreen.storyboard; sourceTree = "<group>"; };
		470A883621CA296000819D87 /* Info.plist */ = {isa = PBXFileReference; lastKnownFileType = text.plist.xml; path = Info.plist; sourceTree = "<group>"; };
		470A883F21CA2BB300819D87 /* lamborghini-veneno.jpg */ = {isa = PBXFileReference; lastKnownFileType = image.jpeg; name = "lamborghini-veneno.jpg"; path = "../../../../Desktop/‼️swift강의/Selcet Car/9-2.+SelectCar+Images/lamborghini-veneno.jpg"; sourceTree = "<group>"; };
		470A884021CA2BB300819D87 /* tesla-model-s.jpg */ = {isa = PBXFileReference; lastKnownFileType = image.jpeg; name = "tesla-model-s.jpg"; path = "../../../../Desktop/‼️swift강의/Selcet Car/9-2.+SelectCar+Images/tesla-model-s.jpg"; sourceTree = "<group>"; };
		470A884121CA2BB300819D87 /* lamborghini-huracan.jpg */ = {isa = PBXFileReference; lastKnownFileType = image.jpeg; name = "lamborghini-huracan.jpg"; path = "../../../../Desktop/‼️swift강의/Selcet Car/9-2.+SelectCar+Images/lamborghini-huracan.jpg"; sourceTree = "<group>"; };
		470A884221CA2BB300819D87 /* background.jpeg */ = {isa = PBXFileReference; lastKnownFileType = image.jpeg; name = background.jpeg; path = "../../../../Desktop/‼️swift강의/Selcet Car/9-2.+SelectCar+Images/background.jpeg"; sourceTree = "<group>"; };
		470A884321CA2BB300819D87 /* tesla-model-x.jpg */ = {isa = PBXFileReference; lastKnownFileType = image.jpeg; name = "tesla-model-x.jpg"; path = "../../../../Desktop/‼️swift강의/Selcet Car/9-2.+SelectCar+Images/tesla-model-x.jpg"; sourceTree = "<group>"; };
		470A884421CA2BB300819D87 /* porsche-911.jpg */ = {isa = PBXFileReference; lastKnownFileType = image.jpeg; name = "porsche-911.jpg"; path = "../../../../Desktop/‼️swift강의/Selcet Car/9-2.+SelectCar+Images/porsche-911.jpg"; sourceTree = "<group>"; };
		470A884521CA2BB300819D87 /* porsche-boxter.jpg */ = {isa = PBXFileReference; lastKnownFileType = image.jpeg; name = "porsche-boxter.jpg"; path = "../../../../Desktop/‼️swift강의/Selcet Car/9-2.+SelectCar+Images/porsche-boxter.jpg"; sourceTree = "<group>"; };
		470A884621CA2BB300819D87 /* lamborghini-aventador.jpg */ = {isa = PBXFileReference; lastKnownFileType = image.jpeg; name = "lamborghini-aventador.jpg"; path = "../../../../Desktop/‼️swift강의/Selcet Car/9-2.+SelectCar+Images/lamborghini-aventador.jpg"; sourceTree = "<group>"; };
/* End PBXFileReference section */

/* Begin PBXFrameworksBuildPhase section */
		470A882421CA295E00819D87 /* Frameworks */ = {
			isa = PBXFrameworksBuildPhase;
			buildActionMask = 2147483647;
			files = (
			);
			runOnlyForDeploymentPostprocessing = 0;
		};
/* End PBXFrameworksBuildPhase section */

/* Begin PBXGroup section */
		470A881E21CA295D00819D87 = {
			isa = PBXGroup;
			children = (
				470A882921CA295E00819D87 /* SelectCar_12월19일오후 */,
				470A882821CA295E00819D87 /* Products */,
			);
			sourceTree = "<group>";
		};
		470A882821CA295E00819D87 /* Products */ = {
			isa = PBXGroup;
			children = (
				470A882721CA295E00819D87 /* SelectCar_12월19일오후.app */,
			);
			name = Products;
			sourceTree = "<group>";
		};
		470A882921CA295E00819D87 /* SelectCar_12월19일오후 */ = {
			isa = PBXGroup;
			children = (
				470A883E21CA2BA700819D87 /* Resource */,
				470A882A21CA295E00819D87 /* AppDelegate.swift */,
				470A882C21CA295E00819D87 /* ViewController.swift */,
				470A882E21CA295E00819D87 /* Main.storyboard */,
				470A883121CA296000819D87 /* Assets.xcassets */,
				470A883321CA296000819D87 /* LaunchScreen.storyboard */,
				470A883621CA296000819D87 /* Info.plist */,
			);
			path = "SelectCar_12월19일오후";
			sourceTree = "<group>";
		};
		470A883E21CA2BA700819D87 /* Resource */ = {
			isa = PBXGroup;
			children = (
				470A884221CA2BB300819D87 /* background.jpeg */,
				470A884621CA2BB300819D87 /* lamborghini-aventador.jpg */,
				470A884121CA2BB300819D87 /* lamborghini-huracan.jpg */,
				470A883F21CA2BB300819D87 /* lamborghini-veneno.jpg */,
				470A884421CA2BB300819D87 /* porsche-911.jpg */,
				470A884521CA2BB300819D87 /* porsche-boxter.jpg */,
				470A884021CA2BB300819D87 /* tesla-model-s.jpg */,
				470A884321CA2BB300819D87 /* tesla-model-x.jpg */,
			);
			path = Resource;
			sourceTree = "<group>";
		};
/* End PBXGroup section */

/* Begin PBXNativeTarget section */
		470A882621CA295E00819D87 /* SelectCar_12월19일오후 */ = {
			isa = PBXNativeTarget;
			buildConfigurationList = 470A883921CA296000819D87 /* Build configuration list for PBXNativeTarget "SelectCar_12월19일오후" */;
			buildPhases = (
				470A882321CA295E00819D87 /* Sources */,
				470A882421CA295E00819D87 /* Frameworks */,
				470A882521CA295E00819D87 /* Resources */,
			);
			buildRules = (
			);
			dependencies = (
			);
			name = "SelectCar_12월19일오후";
			productName = "SelectCar_12월19일오후";
			productReference = 470A882721CA295E00819D87 /* SelectCar_12월19일오후.app */;
			productType = "com.apple.product-type.application";
		};
/* End PBXNativeTarget section */

/* Begin PBXProject section */
		470A881F21CA295D00819D87 /* Project object */ = {
			isa = PBXProject;
			attributes = {
				LastSwiftUpdateCheck = 1010;
				LastUpgradeCheck = 1010;
				ORGANIZATIONNAME = "흠냐방구";
				TargetAttributes = {
					470A882621CA295E00819D87 = {
						CreatedOnToolsVersion = 10.1;
					};
				};
			};
			buildConfigurationList = 470A882221CA295D00819D87 /* Build configuration list for PBXProject "SelectCar_12월19일오후" */;
			compatibilityVersion = "Xcode 9.3";
			developmentRegion = en;
			hasScannedForEncodings = 0;
			knownRegions = (
				en,
				Base,
			);
			mainGroup = 470A881E21CA295D00819D87;
			productRefGroup = 470A882821CA295E00819D87 /* Products */;
			projectDirPath = "";
			projectRoot = "";
			targets = (
				470A882621CA295E00819D87 /* SelectCar_12월19일오후 */,
			);
		};
/* End PBXProject section */

/* Begin PBXResourcesBuildPhase section */
		470A882521CA295E00819D87 /* Resources */ = {
			isa = PBXResourcesBuildPhase;
			buildActionMask = 2147483647;
			files = (
				470A884E21CA2BB300819D87 /* lamborghini-aventador.jpg in Resources */,
				470A884A21CA2BB300819D87 /* background.jpeg in Resources */,
				470A884C21CA2BB300819D87 /* porsche-911.jpg in Resources */,
				470A884D21CA2BB300819D87 /* porsche-boxter.jpg in Resources */,
				470A883521CA296000819D87 /* LaunchScreen.storyboard in Resources */,
				470A884921CA2BB300819D87 /* lamborghini-huracan.jpg in Resources */,
				470A884821CA2BB300819D87 /* tesla-model-s.jpg in Resources */,
				470A884B21CA2BB300819D87 /* tesla-model-x.jpg in Resources */,
				470A884721CA2BB300819D87 /* lamborghini-veneno.jpg in Resources */,
				470A883221CA296000819D87 /* Assets.xcassets in Resources */,
				470A883021CA295E00819D87 /* Main.storyboard in Resources */,
			);
			runOnlyForDeploymentPostprocessing = 0;
		};
/* End PBXResourcesBuildPhase section */

/* Begin PBXSourcesBuildPhase section */
		470A882321CA295E00819D87 /* Sources */ = {
			isa = PBXSourcesBuildPhase;
			buildActionMask = 2147483647;
			files = (
				470A882D21CA295E00819D87 /* ViewController.swift in Sources */,
				470A882B21CA295E00819D87 /* AppDelegate.swift in Sources */,
			);
			runOnlyForDeploymentPostprocessing = 0;
		};
/* End PBXSourcesBuildPhase section */

/* Begin PBXVariantGroup section */
		470A882E21CA295E00819D87 /* Main.storyboard */ = {
			isa = PBXVariantGroup;
			children = (
				470A882F21CA295E00819D87 /* Base */,
			);
			name = Main.storyboard;
			sourceTree = "<group>";
		};
		470A883321CA296000819D87 /* LaunchScreen.storyboard */ = {
			isa = PBXVariantGroup;
			children = (
				470A883421CA296000819D87 /* Base */,
			);
			name = LaunchScreen.storyboard;
			sourceTree = "<group>";
		};
/* End PBXVariantGroup section */

/* Begin XCBuildConfiguration section */
		470A883721CA296000819D87 /* Debug */ = {
			isa = XCBuildConfiguration;
			buildSettings = {
				ALWAYS_SEARCH_USER_PATHS = NO;
				CLANG_ANALYZER_NONNULL = YES;
				CLANG_ANALYZER_NUMBER_OBJECT_CONVERSION = YES_AGGRESSIVE;
				CLANG_CXX_LANGUAGE_STANDARD = "gnu++14";
				CLANG_CXX_LIBRARY = "libc++";
				CLANG_ENABLE_MODULES = YES;
				CLANG_ENABLE_OBJC_ARC = YES;
				CLANG_ENABLE_OBJC_WEAK = YES;
				CLANG_WARN_BLOCK_CAPTURE_AUTORELEASING = YES;
				CLANG_WARN_BOOL_CONVERSION = YES;
				CLANG_WARN_COMMA = YES;
				CLANG_WARN_CONSTANT_CONVERSION = YES;
				CLANG_WARN_DEPRECATED_OBJC_IMPLEMENTATIONS = YES;
				CLANG_WARN_DIRECT_OBJC_ISA_USAGE = YES_ERROR;
				CLANG_WARN_DOCUMENTATION_COMMENTS = YES;
				CLANG_WARN_EMPTY_BODY = YES;
				CLANG_WARN_ENUM_CONVERSION = YES;
				CLANG_WARN_INFINITE_RECURSION = YES;
				CLANG_WARN_INT_CONVERSION = YES;
				CLANG_WARN_NON_LITERAL_NULL_CONVERSION = YES;
				CLANG_WARN_OBJC_IMPLICIT_RETAIN_SELF = YES;
				CLANG_WARN_OBJC_LITERAL_CONVERSION = YES;
				CLANG_WARN_OBJC_ROOT_CLASS = YES_ERROR;
				CLANG_WARN_RANGE_LOOP_ANALYSIS = YES;
				CLANG_WARN_STRICT_PROTOTYPES = YES;
				CLANG_WARN_SUSPICIOUS_MOVE = YES;
				CLANG_WARN_UNGUARDED_AVAILABILITY = YES_AGGRESSIVE;
				CLANG_WARN_UNREACHABLE_CODE = YES;
				CLANG_WARN__DUPLICATE_METHOD_MATCH = YES;
				CODE_SIGN_IDENTITY = "iPhone Developer";
				COPY_PHASE_STRIP = NO;
				DEBUG_INFORMATION_FORMAT = dwarf;
				ENABLE_STRICT_OBJC_MSGSEND = YES;
				ENABLE_TESTABILITY = YES;
				GCC_C_LANGUAGE_STANDARD = gnu11;
				GCC_DYNAMIC_NO_PIC = NO;
				GCC_NO_COMMON_BLOCKS = YES;
				GCC_OPTIMIZATION_LEVEL = 0;
				GCC_PREPROCESSOR_DEFINITIONS = (
					"DEBUG=1",
					"$(inherited)",
				);
				GCC_WARN_64_TO_32_BIT_CONVERSION = YES;
				GCC_WARN_ABOUT_RETURN_TYPE = YES_ERROR;
				GCC_WARN_UNDECLARED_SELECTOR = YES;
				GCC_WARN_UNINITIALIZED_AUTOS = YES_AGGRESSIVE;
				GCC_WARN_UNUSED_FUNCTION = YES;
				GCC_WARN_UNUSED_VARIABLE = YES;
				IPHONEOS_DEPLOYMENT_TARGET = 12.1;
				MTL_ENABLE_DEBUG_INFO = INCLUDE_SOURCE;
				MTL_FAST_MATH = YES;
				ONLY_ACTIVE_ARCH = YES;
				SDKROOT = iphoneos;
				SWIFT_ACTIVE_COMPILATION_CONDITIONS = DEBUG;
				SWIFT_OPTIMIZATION_LEVEL = "-Onone";
			};
			name = Debug;
		};
		470A883821CA296000819D87 /* Release */ = {
			isa = XCBuildConfiguration;
			buildSettings = {
				ALWAYS_SEARCH_USER_PATHS = NO;
				CLANG_ANALYZER_NONNULL = YES;
				CLANG_ANALYZER_NUMBER_OBJECT_CONVERSION = YES_AGGRESSIVE;
				CLANG_CXX_LANGUAGE_STANDARD = "gnu++14";
				CLANG_CXX_LIBRARY = "libc++";
				CLANG_ENABLE_MODULES = YES;
				CLANG_ENABLE_OBJC_ARC = YES;
				CLANG_ENABLE_OBJC_WEAK = YES;
				CLANG_WARN_BLOCK_CAPTURE_AUTORELEASING = YES;
				CLANG_WARN_BOOL_CONVERSION = YES;
				CLANG_WARN_COMMA = YES;
				CLANG_WARN_CONSTANT_CONVERSION = YES;
				CLANG_WARN_DEPRECATED_OBJC_IMPLEMENTATIONS = YES;
				CLANG_WARN_DIRECT_OBJC_ISA_USAGE = YES_ERROR;
				CLANG_WARN_DOCUMENTATION_COMMENTS = YES;
				CLANG_WARN_EMPTY_BODY = YES;
				CLANG_WARN_ENUM_CONVERSION = YES;
				CLANG_WARN_INFINITE_RECURSION = YES;
				CLANG_WARN_INT_CONVERSION = YES;
				CLANG_WARN_NON_LITERAL_NULL_CONVERSION = YES;
				CLANG_WARN_OBJC_IMPLICIT_RETAIN_SELF = YES;
				CLANG_WARN_OBJC_LITERAL_CONVERSION = YES;
				CLANG_WARN_OBJC_ROOT_CLASS = YES_ERROR;
				CLANG_WARN_RANGE_LOOP_ANALYSIS = YES;
				CLANG_WARN_STRICT_PROTOTYPES = YES;
				CLANG_WARN_SUSPICIOUS_MOVE = YES;
				CLANG_WARN_UNGUARDED_AVAILABILITY = YES_AGGRESSIVE;
				CLANG_WARN_UNREACHABLE_CODE = YES;
				CLANG_WARN__DUPLICATE_METHOD_MATCH = YES;
				CODE_SIGN_IDENTITY = "iPhone Developer";
				COPY_PHASE_STRIP = NO;
				DEBUG_INFORMATION_FORMAT = "dwarf-with-dsym";
				ENABLE_NS_ASSERTIONS = NO;
				ENABLE_STRICT_OBJC_MSGSEND = YES;
				GCC_C_LANGUAGE_STANDARD = gnu11;
				GCC_NO_COMMON_BLOCKS = YES;
				GCC_WARN_64_TO_32_BIT_CONVERSION = YES;
				GCC_WARN_ABOUT_RETURN_TYPE = YES_ERROR;
				GCC_WARN_UNDECLARED_SELECTOR = YES;
				GCC_WARN_UNINITIALIZED_AUTOS = YES_AGGRESSIVE;
				GCC_WARN_UNUSED_FUNCTION = YES;
				GCC_WARN_UNUSED_VARIABLE = YES;
				IPHONEOS_DEPLOYMENT_TARGET = 12.1;
				MTL_ENABLE_DEBUG_INFO = NO;
				MTL_FAST_MATH = YES;
				SDKROOT = iphoneos;
				SWIFT_COMPILATION_MODE = wholemodule;
				SWIFT_OPTIMIZATION_LEVEL = "-O";
				VALIDATE_PRODUCT = YES;
			};
			name = Release;
		};
		470A883A21CA296000819D87 /* Debug */ = {
			isa = XCBuildConfiguration;
			buildSettings = {
				ASSETCATALOG_COMPILER_APPICON_NAME = AppIcon;
				CODE_SIGN_STYLE = Automatic;
				DEVELOPMENT_TEAM = K97249KR63;
				INFOPLIST_FILE = "SelectCar_12월19일오후/Info.plist";
				LD_RUNPATH_SEARCH_PATHS = (
					"$(inherited)",
					"@executable_path/Frameworks",
				);
				PRODUCT_BUNDLE_IDENTIFIER = "bnkim.SelectCar-12---19-------";
				PRODUCT_NAME = "$(TARGET_NAME)";
				SWIFT_VERSION = 4.2;
				TARGETED_DEVICE_FAMILY = "1,2";
			};
			name = Debug;
		};
		470A883B21CA296000819D87 /* Release */ = {
			isa = XCBuildConfiguration;
			buildSettings = {
				ASSETCATALOG_COMPILER_APPICON_NAME = AppIcon;
				CODE_SIGN_STYLE = Automatic;
				DEVELOPMENT_TEAM = K97249KR63;
				INFOPLIST_FILE = "SelectCar_12월19일오후/Info.plist";
				LD_RUNPATH_SEARCH_PATHS = (
					"$(inherited)",
					"@executable_path/Frameworks",
				);
				PRODUCT_BUNDLE_IDENTIFIER = "bnkim.SelectCar-12---19-------";
				PRODUCT_NAME = "$(TARGET_NAME)";
				SWIFT_VERSION = 4.2;
				TARGETED_DEVICE_FAMILY = "1,2";
			};
			name = Release;
		};
/* End XCBuildConfiguration section */

/* Begin XCConfigurationList section */
		470A882221CA295D00819D87 /* Build configuration list for PBXProject "SelectCar_12월19일오후" */ = {
			isa = XCConfigurationList;
			buildConfigurations = (
				470A883721CA296000819D87 /* Debug */,
				470A883821CA296000819D87 /* Release */,
			);
			defaultConfigurationIsVisible = 0;
			defaultConfigurationName = Release;
		};
		470A883921CA296000819D87 /* Build configuration list for PBXNativeTarget "SelectCar_12월19일오후" */ = {
			isa = XCConfigurationList;
			buildConfigurations = (
				470A883A21CA296000819D87 /* Debug */,
				470A883B21CA296000819D87 /* Release */,
			);
			defaultConfigurationIsVisible = 0;
			defaultConfigurationName = Release;
		};
/* End XCConfigurationList section */
	};
	rootObject = 470A881F21CA295D00819D87 /* Project object */;
}
