// !$*UTF8*$!
{
	archiveVersion = 1;
	classes = {
	};
	objectVersion = 50;
	objects = {

/* Begin PBXBuildFile section */
		47FD1F0D21C8A2620017279C /* AppDelegate.swift in Sources */ = {isa = PBXBuildFile; fileRef = 47FD1F0C21C8A2620017279C /* AppDelegate.swift */; };
		47FD1F0F21C8A2620017279C /* ViewController.swift in Sources */ = {isa = PBXBuildFile; fileRef = 47FD1F0E21C8A2620017279C /* ViewController.swift */; };
		47FD1F1221C8A2620017279C /* Main.storyboard in Resources */ = {isa = PBXBuildFile; fileRef = 47FD1F1021C8A2620017279C /* Main.storyboard */; };
		47FD1F1421C8A2660017279C /* Assets.xcassets in Resources */ = {isa = PBXBuildFile; fileRef = 47FD1F1321C8A2660017279C /* Assets.xcassets */; };
		47FD1F1721C8A2660017279C /* LaunchScreen.storyboard in Resources */ = {isa = PBXBuildFile; fileRef = 47FD1F1521C8A2660017279C /* LaunchScreen.storyboard */; };
/* End PBXBuildFile section */

/* Begin PBXFileReference section */
		47FD1F0921C8A2620017279C /* FlightBooking_12월18일.app */ = {isa = PBXFileReference; explicitFileType = wrapper.application; includeInIndex = 0; path = "FlightBooking_12월18일.app"; sourceTree = BUILT_PRODUCTS_DIR; };
		47FD1F0C21C8A2620017279C /* AppDelegate.swift */ = {isa = PBXFileReference; lastKnownFileType = sourcecode.swift; path = AppDelegate.swift; sourceTree = "<group>"; };
		47FD1F0E21C8A2620017279C /* ViewController.swift */ = {isa = PBXFileReference; lastKnownFileType = sourcecode.swift; path = ViewController.swift; sourceTree = "<group>"; };
		47FD1F1121C8A2620017279C /* Base */ = {isa = PBXFileReference; lastKnownFileType = file.storyboard; name = Base; path = Base.lproj/Main.storyboard; sourceTree = "<group>"; };
		47FD1F1321C8A2660017279C /* Assets.xcassets */ = {isa = PBXFileReference; lastKnownFileType = folder.assetcatalog; path = Assets.xcassets; sourceTree = "<group>"; };
		47FD1F1621C8A2660017279C /* Base */ = {isa = PBXFileReference; lastKnownFileType = file.storyboard; name = Base; path = Base.lproj/LaunchScreen.storyboard; sourceTree = "<group>"; };
		47FD1F1821C8A2660017279C /* Info.plist */ = {isa = PBXFileReference; lastKnownFileType = text.plist.xml; path = Info.plist; sourceTree = "<group>"; };
/* End PBXFileReference section */

/* Begin PBXFrameworksBuildPhase section */
		47FD1F0621C8A2620017279C /* Frameworks */ = {
			isa = PBXFrameworksBuildPhase;
			buildActionMask = 2147483647;
			files = (
			);
			runOnlyForDeploymentPostprocessing = 0;
		};
/* End PBXFrameworksBuildPhase section */

/* Begin PBXGroup section */
		47FD1F0021C8A2620017279C = {
			isa = PBXGroup;
			children = (
				47FD1F0B21C8A2620017279C /* FlightBooking_12월18일 */,
				47FD1F0A21C8A2620017279C /* Products */,
			);
			sourceTree = "<group>";
		};
		47FD1F0A21C8A2620017279C /* Products */ = {
			isa = PBXGroup;
			children = (
				47FD1F0921C8A2620017279C /* FlightBooking_12월18일.app */,
			);
			name = Products;
			sourceTree = "<group>";
		};
		47FD1F0B21C8A2620017279C /* FlightBooking_12월18일 */ = {
			isa = PBXGroup;
			children = (
				47FD1F0C21C8A2620017279C /* AppDelegate.swift */,
				47FD1F0E21C8A2620017279C /* ViewController.swift */,
				47FD1F1021C8A2620017279C /* Main.storyboard */,
				47FD1F1321C8A2660017279C /* Assets.xcassets */,
				47FD1F1521C8A2660017279C /* LaunchScreen.storyboard */,
				47FD1F1821C8A2660017279C /* Info.plist */,
			);
			path = "FlightBooking_12월18일";
			sourceTree = "<group>";
		};
/* End PBXGroup section */

/* Begin PBXNativeTarget section */
		47FD1F0821C8A2620017279C /* FlightBooking_12월18일 */ = {
			isa = PBXNativeTarget;
			buildConfigurationList = 47FD1F1B21C8A2660017279C /* Build configuration list for PBXNativeTarget "FlightBooking_12월18일" */;
			buildPhases = (
				47FD1F0521C8A2620017279C /* Sources */,
				47FD1F0621C8A2620017279C /* Frameworks */,
				47FD1F0721C8A2620017279C /* Resources */,
			);
			buildRules = (
			);
			dependencies = (
			);
			name = "FlightBooking_12월18일";
			productName = "FlightBooking_12월18일";
			productReference = 47FD1F0921C8A2620017279C /* FlightBooking_12월18일.app */;
			productType = "com.apple.product-type.application";
		};
/* End PBXNativeTarget section */

/* Begin PBXProject section */
		47FD1F0121C8A2620017279C /* Project object */ = {
			isa = PBXProject;
			attributes = {
				LastSwiftUpdateCheck = 1010;
				LastUpgradeCheck = 1010;
				ORGANIZATIONNAME = "흠냐방구";
				TargetAttributes = {
					47FD1F0821C8A2620017279C = {
						CreatedOnToolsVersion = 10.1;
					};
				};
			};
			buildConfigurationList = 47FD1F0421C8A2620017279C /* Build configuration list for PBXProject "FlightBooking_12월18일" */;
			compatibilityVersion = "Xcode 9.3";
			developmentRegion = en;
			hasScannedForEncodings = 0;
			knownRegions = (
				en,
				Base,
			);
			mainGroup = 47FD1F0021C8A2620017279C;
			productRefGroup = 47FD1F0A21C8A2620017279C /* Products */;
			projectDirPath = "";
			projectRoot = "";
			targets = (
				47FD1F0821C8A2620017279C /* FlightBooking_12월18일 */,
			);
		};
/* End PBXProject section */

/* Begin PBXResourcesBuildPhase section */
		47FD1F0721C8A2620017279C /* Resources */ = {
			isa = PBXResourcesBuildPhase;
			buildActionMask = 2147483647;
			files = (
				47FD1F1721C8A2660017279C /* LaunchScreen.storyboard in Resources */,
				47FD1F1421C8A2660017279C /* Assets.xcassets in Resources */,
				47FD1F1221C8A2620017279C /* Main.storyboard in Resources */,
			);
			runOnlyForDeploymentPostprocessing = 0;
		};
/* End PBXResourcesBuildPhase section */

/* Begin PBXSourcesBuildPhase section */
		47FD1F0521C8A2620017279C /* Sources */ = {
			isa = PBXSourcesBuildPhase;
			buildActionMask = 2147483647;
			files = (
				47FD1F0F21C8A2620017279C /* ViewController.swift in Sources */,
				47FD1F0D21C8A2620017279C /* AppDelegate.swift in Sources */,
			);
			runOnlyForDeploymentPostprocessing = 0;
		};
/* End PBXSourcesBuildPhase section */

/* Begin PBXVariantGroup section */
		47FD1F1021C8A2620017279C /* Main.storyboard */ = {
			isa = PBXVariantGroup;
			children = (
				47FD1F1121C8A2620017279C /* Base */,
			);
			name = Main.storyboard;
			sourceTree = "<group>";
		};
		47FD1F1521C8A2660017279C /* LaunchScreen.storyboard */ = {
			isa = PBXVariantGroup;
			children = (
				47FD1F1621C8A2660017279C /* Base */,
			);
			name = LaunchScreen.storyboard;
			sourceTree = "<group>";
		};
/* End PBXVariantGroup section */

/* Begin XCBuildConfiguration section */
		47FD1F1921C8A2660017279C /* Debug */ = {
			isa = XCBuildConfiguration;
			buildSettings = {
				ALWAYS_SEARCH_USER_PATHS = NO;
				CLANG_ANALYZER_NONNULL = YES;
				CLANG_ANALYZER_NUMBER_OBJECT_CONVERSION = YES_AGGRESSIVE;
				CLANG_CXX_LANGUAGE_STANDARD = "gnu++14";
				CLANG_CXX_LIBRARY = "libc++";
				CLANG_ENABLE_MODULES = YES;
				CLANG_ENABLE_OBJC_ARC = YES;
				CLANG_ENABLE_OBJC_WEAK = YES;
				CLANG_WARN_BLOCK_CAPTURE_AUTORELEASING = YES;
				CLANG_WARN_BOOL_CONVERSION = YES;
				CLANG_WARN_COMMA = YES;
				CLANG_WARN_CONSTANT_CONVERSION = YES;
				CLANG_WARN_DEPRECATED_OBJC_IMPLEMENTATIONS = YES;
				CLANG_WARN_DIRECT_OBJC_ISA_USAGE = YES_ERROR;
				CLANG_WARN_DOCUMENTATION_COMMENTS = YES;
				CLANG_WARN_EMPTY_BODY = YES;
				CLANG_WARN_ENUM_CONVERSION = YES;
				CLANG_WARN_INFINITE_RECURSION = YES;
				CLANG_WARN_INT_CONVERSION = YES;
				CLANG_WARN_NON_LITERAL_NULL_CONVERSION = YES;
				CLANG_WARN_OBJC_IMPLICIT_RETAIN_SELF = YES;
				CLANG_WARN_OBJC_LITERAL_CONVERSION = YES;
				CLANG_WARN_OBJC_ROOT_CLASS = YES_ERROR;
				CLANG_WARN_RANGE_LOOP_ANALYSIS = YES;
				CLANG_WARN_STRICT_PROTOTYPES = YES;
				CLANG_WARN_SUSPICIOUS_MOVE = YES;
				CLANG_WARN_UNGUARDED_AVAILABILITY = YES_AGGRESSIVE;
				CLANG_WARN_UNREACHABLE_CODE = YES;
				CLANG_WARN__DUPLICATE_METHOD_MATCH = YES;
				CODE_SIGN_IDENTITY = "iPhone Developer";
				COPY_PHASE_STRIP = NO;
				DEBUG_INFORMATION_FORMAT = dwarf;
				ENABLE_STRICT_OBJC_MSGSEND = YES;
				ENABLE_TESTABILITY = YES;
				GCC_C_LANGUAGE_STANDARD = gnu11;
				GCC_DYNAMIC_NO_PIC = NO;
				GCC_NO_COMMON_BLOCKS = YES;
				GCC_OPTIMIZATION_LEVEL = 0;
				GCC_PREPROCESSOR_DEFINITIONS = (
					"DEBUG=1",
					"$(inherited)",
				);
				GCC_WARN_64_TO_32_BIT_CONVERSION = YES;
				GCC_WARN_ABOUT_RETURN_TYPE = YES_ERROR;
				GCC_WARN_UNDECLARED_SELECTOR = YES;
				GCC_WARN_UNINITIALIZED_AUTOS = YES_AGGRESSIVE;
				GCC_WARN_UNUSED_FUNCTION = YES;
				GCC_WARN_UNUSED_VARIABLE = YES;
				IPHONEOS_DEPLOYMENT_TARGET = 12.1;
				MTL_ENABLE_DEBUG_INFO = INCLUDE_SOURCE;
				MTL_FAST_MATH = YES;
				ONLY_ACTIVE_ARCH = YES;
				SDKROOT = iphoneos;
				SWIFT_ACTIVE_COMPILATION_CONDITIONS = DEBUG;
				SWIFT_OPTIMIZATION_LEVEL = "-Onone";
			};
			name = Debug;
		};
		47FD1F1A21C8A2660017279C /* Release */ = {
			isa = XCBuildConfiguration;
			buildSettings = {
				ALWAYS_SEARCH_USER_PATHS = NO;
				CLANG_ANALYZER_NONNULL = YES;
				CLANG_ANALYZER_NUMBER_OBJECT_CONVERSION = YES_AGGRESSIVE;
				CLANG_CXX_LANGUAGE_STANDARD = "gnu++14";
				CLANG_CXX_LIBRARY = "libc++";
				CLANG_ENABLE_MODULES = YES;
				CLANG_ENABLE_OBJC_ARC = YES;
				CLANG_ENABLE_OBJC_WEAK = YES;
				CLANG_WARN_BLOCK_CAPTURE_AUTORELEASING = YES;
				CLANG_WARN_BOOL_CONVERSION = YES;
				CLANG_WARN_COMMA = YES;
				CLANG_WARN_CONSTANT_CONVERSION = YES;
				CLANG_WARN_DEPRECATED_OBJC_IMPLEMENTATIONS = YES;
				CLANG_WARN_DIRECT_OBJC_ISA_USAGE = YES_ERROR;
				CLANG_WARN_DOCUMENTATION_COMMENTS = YES;
				CLANG_WARN_EMPTY_BODY = YES;
				CLANG_WARN_ENUM_CONVERSION = YES;
				CLANG_WARN_INFINITE_RECURSION = YES;
				CLANG_WARN_INT_CONVERSION = YES;
				CLANG_WARN_NON_LITERAL_NULL_CONVERSION = YES;
				CLANG_WARN_OBJC_IMPLICIT_RETAIN_SELF = YES;
				CLANG_WARN_OBJC_LITERAL_CONVERSION = YES;
				CLANG_WARN_OBJC_ROOT_CLASS = YES_ERROR;
				CLANG_WARN_RANGE_LOOP_ANALYSIS = YES;
				CLANG_WARN_STRICT_PROTOTYPES = YES;
				CLANG_WARN_SUSPICIOUS_MOVE = YES;
				CLANG_WARN_UNGUARDED_AVAILABILITY = YES_AGGRESSIVE;
				CLANG_WARN_UNREACHABLE_CODE = YES;
				CLANG_WARN__DUPLICATE_METHOD_MATCH = YES;
				CODE_SIGN_IDENTITY = "iPhone Developer";
				COPY_PHASE_STRIP = NO;
				DEBUG_INFORMATION_FORMAT = "dwarf-with-dsym";
				ENABLE_NS_ASSERTIONS = NO;
				ENABLE_STRICT_OBJC_MSGSEND = YES;
				GCC_C_LANGUAGE_STANDARD = gnu11;
				GCC_NO_COMMON_BLOCKS = YES;
				GCC_WARN_64_TO_32_BIT_CONVERSION = YES;
				GCC_WARN_ABOUT_RETURN_TYPE = YES_ERROR;
				GCC_WARN_UNDECLARED_SELECTOR = YES;
				GCC_WARN_UNINITIALIZED_AUTOS = YES_AGGRESSIVE;
				GCC_WARN_UNUSED_FUNCTION = YES;
				GCC_WARN_UNUSED_VARIABLE = YES;
				IPHONEOS_DEPLOYMENT_TARGET = 12.1;
				MTL_ENABLE_DEBUG_INFO = NO;
				MTL_FAST_MATH = YES;
				SDKROOT = iphoneos;
				SWIFT_COMPILATION_MODE = wholemodule;
				SWIFT_OPTIMIZATION_LEVEL = "-O";
				VALIDATE_PRODUCT = YES;
			};
			name = Release;
		};
		47FD1F1C21C8A2660017279C /* Debug */ = {
			isa = XCBuildConfiguration;
			buildSettings = {
				ASSETCATALOG_COMPILER_APPICON_NAME = AppIcon;
				CODE_SIGN_STYLE = Automatic;
				DEVELOPMENT_TEAM = K97249KR63;
				INFOPLIST_FILE = "FlightBooking_12월18일/Info.plist";
				LD_RUNPATH_SEARCH_PATHS = (
					"$(inherited)",
					"@executable_path/Frameworks",
				);
				PRODUCT_BUNDLE_IDENTIFIER = "bnkim.FlightBooking-12---18---";
				PRODUCT_NAME = "$(TARGET_NAME)";
				SWIFT_VERSION = 4.2;
				TARGETED_DEVICE_FAMILY = "1,2";
			};
			name = Debug;
		};
		47FD1F1D21C8A2660017279C /* Release */ = {
			isa = XCBuildConfiguration;
			buildSettings = {
				ASSETCATALOG_COMPILER_APPICON_NAME = AppIcon;
				CODE_SIGN_STYLE = Automatic;
				DEVELOPMENT_TEAM = K97249KR63;
				INFOPLIST_FILE = "FlightBooking_12월18일/Info.plist";
				LD_RUNPATH_SEARCH_PATHS = (
					"$(inherited)",
					"@executable_path/Frameworks",
				);
				PRODUCT_BUNDLE_IDENTIFIER = "bnkim.FlightBooking-12---18---";
				PRODUCT_NAME = "$(TARGET_NAME)";
				SWIFT_VERSION = 4.2;
				TARGETED_DEVICE_FAMILY = "1,2";
			};
			name = Release;
		};
/* End XCBuildConfiguration section */

/* Begin XCConfigurationList section */
		47FD1F0421C8A2620017279C /* Build configuration list for PBXProject "FlightBooking_12월18일" */ = {
			isa = XCConfigurationList;
			buildConfigurations = (
				47FD1F1921C8A2660017279C /* Debug */,
				47FD1F1A21C8A2660017279C /* Release */,
			);
			defaultConfigurationIsVisible = 0;
			defaultConfigurationName = Release;
		};
		47FD1F1B21C8A2660017279C /* Build configuration list for PBXNativeTarget "FlightBooking_12월18일" */ = {
			isa = XCConfigurationList;
			buildConfigurations = (
				47FD1F1C21C8A2660017279C /* Debug */,
				47FD1F1D21C8A2660017279C /* Release */,
			);
			defaultConfigurationIsVisible = 0;
			defaultConfigurationName = Release;
		};
/* End XCConfigurationList section */
	};
	rootObject = 47FD1F0121C8A2620017279C /* Project object */;
}
