// !$*UTF8*$!
{
	archiveVersion = 1;
	classes = {
	};
	objectVersion = 50;
	objects = {

/* Begin PBXBuildFile section */
		4745626321A686D300A1795B /* AppDelegate.swift in Sources */ = {isa = PBXBuildFile; fileRef = 4745626221A686D300A1795B /* AppDelegate.swift */; };
		4745626521A686D300A1795B /* ViewController.swift in Sources */ = {isa = PBXBuildFile; fileRef = 4745626421A686D300A1795B /* ViewController.swift */; };
		4745626821A686D300A1795B /* Main.storyboard in Resources */ = {isa = PBXBuildFile; fileRef = 4745626621A686D300A1795B /* Main.storyboard */; };
		4745626A21A686D600A1795B /* Assets.xcassets in Resources */ = {isa = PBXBuildFile; fileRef = 4745626921A686D600A1795B /* Assets.xcassets */; };
		4745626D21A686D600A1795B /* LaunchScreen.storyboard in Resources */ = {isa = PBXBuildFile; fileRef = 4745626B21A686D600A1795B /* LaunchScreen.storyboard */; };
		4745627721A688BD00A1795B /* 2IeTff-V_400x400.jpeg in Resources */ = {isa = PBXBuildFile; fileRef = 4745627621A688BD00A1795B /* 2IeTff-V_400x400.jpeg */; };
/* End PBXBuildFile section */

/* Begin PBXFileReference section */
		4745625F21A686D300A1795B /* FlightBooking_Review.app */ = {isa = PBXFileReference; explicitFileType = wrapper.application; includeInIndex = 0; path = FlightBooking_Review.app; sourceTree = BUILT_PRODUCTS_DIR; };
		4745626221A686D300A1795B /* AppDelegate.swift */ = {isa = PBXFileReference; lastKnownFileType = sourcecode.swift; path = AppDelegate.swift; sourceTree = "<group>"; };
		4745626421A686D300A1795B /* ViewController.swift */ = {isa = PBXFileReference; lastKnownFileType = sourcecode.swift; path = ViewController.swift; sourceTree = "<group>"; };
		4745626721A686D300A1795B /* Base */ = {isa = PBXFileReference; lastKnownFileType = file.storyboard; name = Base; path = Base.lproj/Main.storyboard; sourceTree = "<group>"; };
		4745626921A686D600A1795B /* Assets.xcassets */ = {isa = PBXFileReference; lastKnownFileType = folder.assetcatalog; path = Assets.xcassets; sourceTree = "<group>"; };
		4745626C21A686D600A1795B /* Base */ = {isa = PBXFileReference; lastKnownFileType = file.storyboard; name = Base; path = Base.lproj/LaunchScreen.storyboard; sourceTree = "<group>"; };
		4745626E21A686D600A1795B /* Info.plist */ = {isa = PBXFileReference; lastKnownFileType = text.plist.xml; path = Info.plist; sourceTree = "<group>"; };
		4745627621A688BD00A1795B /* 2IeTff-V_400x400.jpeg */ = {isa = PBXFileReference; lastKnownFileType = image.jpeg; name = "2IeTff-V_400x400.jpeg"; path = "../../../Desktop/2IeTff-V_400x400.jpeg"; sourceTree = "<group>"; };
/* End PBXFileReference section */

/* Begin PBXFrameworksBuildPhase section */
		4745625C21A686D300A1795B /* Frameworks */ = {
			isa = PBXFrameworksBuildPhase;
			buildActionMask = 2147483647;
			files = (
			);
			runOnlyForDeploymentPostprocessing = 0;
		};
/* End PBXFrameworksBuildPhase section */

/* Begin PBXGroup section */
		4745625621A686D300A1795B = {
			isa = PBXGroup;
			children = (
				4745626121A686D300A1795B /* FlightBooking_Review */,
				4745626021A686D300A1795B /* Products */,
			);
			sourceTree = "<group>";
		};
		4745626021A686D300A1795B /* Products */ = {
			isa = PBXGroup;
			children = (
				4745625F21A686D300A1795B /* FlightBooking_Review.app */,
			);
			name = Products;
			sourceTree = "<group>";
		};
		4745626121A686D300A1795B /* FlightBooking_Review */ = {
			isa = PBXGroup;
			children = (
				4745627621A688BD00A1795B /* 2IeTff-V_400x400.jpeg */,
				4745626221A686D300A1795B /* AppDelegate.swift */,
				4745626421A686D300A1795B /* ViewController.swift */,
				4745626621A686D300A1795B /* Main.storyboard */,
				4745626921A686D600A1795B /* Assets.xcassets */,
				4745626B21A686D600A1795B /* LaunchScreen.storyboard */,
				4745626E21A686D600A1795B /* Info.plist */,
			);
			path = FlightBooking_Review;
			sourceTree = "<group>";
		};
/* End PBXGroup section */

/* Begin PBXNativeTarget section */
		4745625E21A686D300A1795B /* FlightBooking_Review */ = {
			isa = PBXNativeTarget;
			buildConfigurationList = 4745627121A686D600A1795B /* Build configuration list for PBXNativeTarget "FlightBooking_Review" */;
			buildPhases = (
				4745625B21A686D300A1795B /* Sources */,
				4745625C21A686D300A1795B /* Frameworks */,
				4745625D21A686D300A1795B /* Resources */,
			);
			buildRules = (
			);
			dependencies = (
			);
			name = FlightBooking_Review;
			productName = FlightBooking_Review;
			productReference = 4745625F21A686D300A1795B /* FlightBooking_Review.app */;
			productType = "com.apple.product-type.application";
		};
/* End PBXNativeTarget section */

/* Begin PBXProject section */
		4745625721A686D300A1795B /* Project object */ = {
			isa = PBXProject;
			attributes = {
				LastSwiftUpdateCheck = 1010;
				LastUpgradeCheck = 1010;
				ORGANIZATIONNAME = "흠냐방구";
				TargetAttributes = {
					4745625E21A686D300A1795B = {
						CreatedOnToolsVersion = 10.1;
					};
				};
			};
			buildConfigurationList = 4745625A21A686D300A1795B /* Build configuration list for PBXProject "FlightBooking_Review" */;
			compatibilityVersion = "Xcode 9.3";
			developmentRegion = en;
			hasScannedForEncodings = 0;
			knownRegions = (
				en,
				Base,
			);
			mainGroup = 4745625621A686D300A1795B;
			productRefGroup = 4745626021A686D300A1795B /* Products */;
			projectDirPath = "";
			projectRoot = "";
			targets = (
				4745625E21A686D300A1795B /* FlightBooking_Review */,
			);
		};
/* End PBXProject section */

/* Begin PBXResourcesBuildPhase section */
		4745625D21A686D300A1795B /* Resources */ = {
			isa = PBXResourcesBuildPhase;
			buildActionMask = 2147483647;
			files = (
				4745626D21A686D600A1795B /* LaunchScreen.storyboard in Resources */,
				4745626A21A686D600A1795B /* Assets.xcassets in Resources */,
				4745626821A686D300A1795B /* Main.storyboard in Resources */,
				4745627721A688BD00A1795B /* 2IeTff-V_400x400.jpeg in Resources */,
			);
			runOnlyForDeploymentPostprocessing = 0;
		};
/* End PBXResourcesBuildPhase section */

/* Begin PBXSourcesBuildPhase section */
		4745625B21A686D300A1795B /* Sources */ = {
			isa = PBXSourcesBuildPhase;
			buildActionMask = 2147483647;
			files = (
				4745626521A686D300A1795B /* ViewController.swift in Sources */,
				4745626321A686D300A1795B /* AppDelegate.swift in Sources */,
			);
			runOnlyForDeploymentPostprocessing = 0;
		};
/* End PBXSourcesBuildPhase section */

/* Begin PBXVariantGroup section */
		4745626621A686D300A1795B /* Main.storyboard */ = {
			isa = PBXVariantGroup;
			children = (
				4745626721A686D300A1795B /* Base */,
			);
			name = Main.storyboard;
			sourceTree = "<group>";
		};
		4745626B21A686D600A1795B /* LaunchScreen.storyboard */ = {
			isa = PBXVariantGroup;
			children = (
				4745626C21A686D600A1795B /* Base */,
			);
			name = LaunchScreen.storyboard;
			sourceTree = "<group>";
		};
/* End PBXVariantGroup section */

/* Begin XCBuildConfiguration section */
		4745626F21A686D600A1795B /* Debug */ = {
			isa = XCBuildConfiguration;
			buildSettings = {
				ALWAYS_SEARCH_USER_PATHS = NO;
				CLANG_ANALYZER_NONNULL = YES;
				CLANG_ANALYZER_NUMBER_OBJECT_CONVERSION = YES_AGGRESSIVE;
				CLANG_CXX_LANGUAGE_STANDARD = "gnu++14";
				CLANG_CXX_LIBRARY = "libc++";
				CLANG_ENABLE_MODULES = YES;
				CLANG_ENABLE_OBJC_ARC = YES;
				CLANG_ENABLE_OBJC_WEAK = YES;
				CLANG_WARN_BLOCK_CAPTURE_AUTORELEASING = YES;
				CLANG_WARN_BOOL_CONVERSION = YES;
				CLANG_WARN_COMMA = YES;
				CLANG_WARN_CONSTANT_CONVERSION = YES;
				CLANG_WARN_DEPRECATED_OBJC_IMPLEMENTATIONS = YES;
				CLANG_WARN_DIRECT_OBJC_ISA_USAGE = YES_ERROR;
				CLANG_WARN_DOCUMENTATION_COMMENTS = YES;
				CLANG_WARN_EMPTY_BODY = YES;
				CLANG_WARN_ENUM_CONVERSION = YES;
				CLANG_WARN_INFINITE_RECURSION = YES;
				CLANG_WARN_INT_CONVERSION = YES;
				CLANG_WARN_NON_LITERAL_NULL_CONVERSION = YES;
				CLANG_WARN_OBJC_IMPLICIT_RETAIN_SELF = YES;
				CLANG_WARN_OBJC_LITERAL_CONVERSION = YES;
				CLANG_WARN_OBJC_ROOT_CLASS = YES_ERROR;
				CLANG_WARN_RANGE_LOOP_ANALYSIS = YES;
				CLANG_WARN_STRICT_PROTOTYPES = YES;
				CLANG_WARN_SUSPICIOUS_MOVE = YES;
				CLANG_WARN_UNGUARDED_AVAILABILITY = YES_AGGRESSIVE;
				CLANG_WARN_UNREACHABLE_CODE = YES;
				CLANG_WARN__DUPLICATE_METHOD_MATCH = YES;
				CODE_SIGN_IDENTITY = "iPhone Developer";
				COPY_PHASE_STRIP = NO;
				DEBUG_INFORMATION_FORMAT = dwarf;
				ENABLE_STRICT_OBJC_MSGSEND = YES;
				ENABLE_TESTABILITY = YES;
				GCC_C_LANGUAGE_STANDARD = gnu11;
				GCC_DYNAMIC_NO_PIC = NO;
				GCC_NO_COMMON_BLOCKS = YES;
				GCC_OPTIMIZATION_LEVEL = 0;
				GCC_PREPROCESSOR_DEFINITIONS = (
					"DEBUG=1",
					"$(inherited)",
				);
				GCC_WARN_64_TO_32_BIT_CONVERSION = YES;
				GCC_WARN_ABOUT_RETURN_TYPE = YES_ERROR;
				GCC_WARN_UNDECLARED_SELECTOR = YES;
				GCC_WARN_UNINITIALIZED_AUTOS = YES_AGGRESSIVE;
				GCC_WARN_UNUSED_FUNCTION = YES;
				GCC_WARN_UNUSED_VARIABLE = YES;
				IPHONEOS_DEPLOYMENT_TARGET = 12.1;
				MTL_ENABLE_DEBUG_INFO = INCLUDE_SOURCE;
				MTL_FAST_MATH = YES;
				ONLY_ACTIVE_ARCH = YES;
				SDKROOT = iphoneos;
				SWIFT_ACTIVE_COMPILATION_CONDITIONS = DEBUG;
				SWIFT_OPTIMIZATION_LEVEL = "-Onone";
			};
			name = Debug;
		};
		4745627021A686D600A1795B /* Release */ = {
			isa = XCBuildConfiguration;
			buildSettings = {
				ALWAYS_SEARCH_USER_PATHS = NO;
				CLANG_ANALYZER_NONNULL = YES;
				CLANG_ANALYZER_NUMBER_OBJECT_CONVERSION = YES_AGGRESSIVE;
				CLANG_CXX_LANGUAGE_STANDARD = "gnu++14";
				CLANG_CXX_LIBRARY = "libc++";
				CLANG_ENABLE_MODULES = YES;
				CLANG_ENABLE_OBJC_ARC = YES;
				CLANG_ENABLE_OBJC_WEAK = YES;
				CLANG_WARN_BLOCK_CAPTURE_AUTORELEASING = YES;
				CLANG_WARN_BOOL_CONVERSION = YES;
				CLANG_WARN_COMMA = YES;
				CLANG_WARN_CONSTANT_CONVERSION = YES;
				CLANG_WARN_DEPRECATED_OBJC_IMPLEMENTATIONS = YES;
				CLANG_WARN_DIRECT_OBJC_ISA_USAGE = YES_ERROR;
				CLANG_WARN_DOCUMENTATION_COMMENTS = YES;
				CLANG_WARN_EMPTY_BODY = YES;
				CLANG_WARN_ENUM_CONVERSION = YES;
				CLANG_WARN_INFINITE_RECURSION = YES;
				CLANG_WARN_INT_CONVERSION = YES;
				CLANG_WARN_NON_LITERAL_NULL_CONVERSION = YES;
				CLANG_WARN_OBJC_IMPLICIT_RETAIN_SELF = YES;
				CLANG_WARN_OBJC_LITERAL_CONVERSION = YES;
				CLANG_WARN_OBJC_ROOT_CLASS = YES_ERROR;
				CLANG_WARN_RANGE_LOOP_ANALYSIS = YES;
				CLANG_WARN_STRICT_PROTOTYPES = YES;
				CLANG_WARN_SUSPICIOUS_MOVE = YES;
				CLANG_WARN_UNGUARDED_AVAILABILITY = YES_AGGRESSIVE;
				CLANG_WARN_UNREACHABLE_CODE = YES;
				CLANG_WARN__DUPLICATE_METHOD_MATCH = YES;
				CODE_SIGN_IDENTITY = "iPhone Developer";
				COPY_PHASE_STRIP = NO;
				DEBUG_INFORMATION_FORMAT = "dwarf-with-dsym";
				ENABLE_NS_ASSERTIONS = NO;
				ENABLE_STRICT_OBJC_MSGSEND = YES;
				GCC_C_LANGUAGE_STANDARD = gnu11;
				GCC_NO_COMMON_BLOCKS = YES;
				GCC_WARN_64_TO_32_BIT_CONVERSION = YES;
				GCC_WARN_ABOUT_RETURN_TYPE = YES_ERROR;
				GCC_WARN_UNDECLARED_SELECTOR = YES;
				GCC_WARN_UNINITIALIZED_AUTOS = YES_AGGRESSIVE;
				GCC_WARN_UNUSED_FUNCTION = YES;
				GCC_WARN_UNUSED_VARIABLE = YES;
				IPHONEOS_DEPLOYMENT_TARGET = 12.1;
				MTL_ENABLE_DEBUG_INFO = NO;
				MTL_FAST_MATH = YES;
				SDKROOT = iphoneos;
				SWIFT_COMPILATION_MODE = wholemodule;
				SWIFT_OPTIMIZATION_LEVEL = "-O";
				VALIDATE_PRODUCT = YES;
			};
			name = Release;
		};
		4745627221A686D600A1795B /* Debug */ = {
			isa = XCBuildConfiguration;
			buildSettings = {
				ASSETCATALOG_COMPILER_APPICON_NAME = AppIcon;
				CODE_SIGN_STYLE = Automatic;
				DEVELOPMENT_TEAM = K97249KR63;
				INFOPLIST_FILE = FlightBooking_Review/Info.plist;
				LD_RUNPATH_SEARCH_PATHS = (
					"$(inherited)",
					"@executable_path/Frameworks",
				);
				PRODUCT_BUNDLE_IDENTIFIER = "bnkim.FlightBooking-Review";
				PRODUCT_NAME = "$(TARGET_NAME)";
				SWIFT_VERSION = 4.2;
				TARGETED_DEVICE_FAMILY = "1,2";
			};
			name = Debug;
		};
		4745627321A686D600A1795B /* Release */ = {
			isa = XCBuildConfiguration;
			buildSettings = {
				ASSETCATALOG_COMPILER_APPICON_NAME = AppIcon;
				CODE_SIGN_STYLE = Automatic;
				DEVELOPMENT_TEAM = K97249KR63;
				INFOPLIST_FILE = FlightBooking_Review/Info.plist;
				LD_RUNPATH_SEARCH_PATHS = (
					"$(inherited)",
					"@executable_path/Frameworks",
				);
				PRODUCT_BUNDLE_IDENTIFIER = "bnkim.FlightBooking-Review";
				PRODUCT_NAME = "$(TARGET_NAME)";
				SWIFT_VERSION = 4.2;
				TARGETED_DEVICE_FAMILY = "1,2";
			};
			name = Release;
		};
/* End XCBuildConfiguration section */

/* Begin XCConfigurationList section */
		4745625A21A686D300A1795B /* Build configuration list for PBXProject "FlightBooking_Review" */ = {
			isa = XCConfigurationList;
			buildConfigurations = (
				4745626F21A686D600A1795B /* Debug */,
				4745627021A686D600A1795B /* Release */,
			);
			defaultConfigurationIsVisible = 0;
			defaultConfigurationName = Release;
		};
		4745627121A686D600A1795B /* Build configuration list for PBXNativeTarget "FlightBooking_Review" */ = {
			isa = XCConfigurationList;
			buildConfigurations = (
				4745627221A686D600A1795B /* Debug */,
				4745627321A686D600A1795B /* Release */,
			);
			defaultConfigurationIsVisible = 0;
			defaultConfigurationName = Release;
		};
/* End XCConfigurationList section */
	};
	rootObject = 4745625721A686D300A1795B /* Project object */;
}
