// !$*UTF8*$!
{
	archiveVersion = 1;
	classes = {
	};
	objectVersion = 50;
	objects = {

/* Begin PBXBuildFile section */
		4722FA0A21C87D5D0083B932 /* AppDelegate.swift in Sources */ = {isa = PBXBuildFile; fileRef = 4722FA0921C87D5D0083B932 /* AppDelegate.swift */; };
		4722FA0C21C87D5D0083B932 /* ViewController.swift in Sources */ = {isa = PBXBuildFile; fileRef = 4722FA0B21C87D5D0083B932 /* ViewController.swift */; };
		4722FA0F21C87D5D0083B932 /* Main.storyboard in Resources */ = {isa = PBXBuildFile; fileRef = 4722FA0D21C87D5D0083B932 /* Main.storyboard */; };
		4722FA1121C87D640083B932 /* Assets.xcassets in Resources */ = {isa = PBXBuildFile; fileRef = 4722FA1021C87D640083B932 /* Assets.xcassets */; };
		4722FA1421C87D640083B932 /* LaunchScreen.storyboard in Resources */ = {isa = PBXBuildFile; fileRef = 4722FA1221C87D640083B932 /* LaunchScreen.storyboard */; };
/* End PBXBuildFile section */

/* Begin PBXFileReference section */
		4722FA0621C87D5D0083B932 /* MiniBrowser_12월18일아침.app */ = {isa = PBXFileReference; explicitFileType = wrapper.application; includeInIndex = 0; path = "MiniBrowser_12월18일아침.app"; sourceTree = BUILT_PRODUCTS_DIR; };
		4722FA0921C87D5D0083B932 /* AppDelegate.swift */ = {isa = PBXFileReference; lastKnownFileType = sourcecode.swift; path = AppDelegate.swift; sourceTree = "<group>"; };
		4722FA0B21C87D5D0083B932 /* ViewController.swift */ = {isa = PBXFileReference; lastKnownFileType = sourcecode.swift; path = ViewController.swift; sourceTree = "<group>"; };
		4722FA0E21C87D5D0083B932 /* Base */ = {isa = PBXFileReference; lastKnownFileType = file.storyboard; name = Base; path = Base.lproj/Main.storyboard; sourceTree = "<group>"; };
		4722FA1021C87D640083B932 /* Assets.xcassets */ = {isa = PBXFileReference; lastKnownFileType = folder.assetcatalog; path = Assets.xcassets; sourceTree = "<group>"; };
		4722FA1321C87D640083B932 /* Base */ = {isa = PBXFileReference; lastKnownFileType = file.storyboard; name = Base; path = Base.lproj/LaunchScreen.storyboard; sourceTree = "<group>"; };
		4722FA1521C87D640083B932 /* Info.plist */ = {isa = PBXFileReference; lastKnownFileType = text.plist.xml; path = Info.plist; sourceTree = "<group>"; };
/* End PBXFileReference section */

/* Begin PBXFrameworksBuildPhase section */
		4722FA0321C87D5D0083B932 /* Frameworks */ = {
			isa = PBXFrameworksBuildPhase;
			buildActionMask = 2147483647;
			files = (
			);
			runOnlyForDeploymentPostprocessing = 0;
		};
/* End PBXFrameworksBuildPhase section */

/* Begin PBXGroup section */
		4722F9FD21C87D5D0083B932 = {
			isa = PBXGroup;
			children = (
				4722FA0821C87D5D0083B932 /* MiniBrowser_12월18일아침 */,
				4722FA0721C87D5D0083B932 /* Products */,
			);
			sourceTree = "<group>";
		};
		4722FA0721C87D5D0083B932 /* Products */ = {
			isa = PBXGroup;
			children = (
				4722FA0621C87D5D0083B932 /* MiniBrowser_12월18일아침.app */,
			);
			name = Products;
			sourceTree = "<group>";
		};
		4722FA0821C87D5D0083B932 /* MiniBrowser_12월18일아침 */ = {
			isa = PBXGroup;
			children = (
				4722FA0921C87D5D0083B932 /* AppDelegate.swift */,
				4722FA0B21C87D5D0083B932 /* ViewController.swift */,
				4722FA0D21C87D5D0083B932 /* Main.storyboard */,
				4722FA1021C87D640083B932 /* Assets.xcassets */,
				4722FA1221C87D640083B932 /* LaunchScreen.storyboard */,
				4722FA1521C87D640083B932 /* Info.plist */,
			);
			path = "MiniBrowser_12월18일아침";
			sourceTree = "<group>";
		};
/* End PBXGroup section */

/* Begin PBXNativeTarget section */
		4722FA0521C87D5D0083B932 /* MiniBrowser_12월18일아침 */ = {
			isa = PBXNativeTarget;
			buildConfigurationList = 4722FA1821C87D640083B932 /* Build configuration list for PBXNativeTarget "MiniBrowser_12월18일아침" */;
			buildPhases = (
				4722FA0221C87D5D0083B932 /* Sources */,
				4722FA0321C87D5D0083B932 /* Frameworks */,
				4722FA0421C87D5D0083B932 /* Resources */,
			);
			buildRules = (
			);
			dependencies = (
			);
			name = "MiniBrowser_12월18일아침";
			productName = "MiniBrowser_12월18일아침";
			productReference = 4722FA0621C87D5D0083B932 /* MiniBrowser_12월18일아침.app */;
			productType = "com.apple.product-type.application";
		};
/* End PBXNativeTarget section */

/* Begin PBXProject section */
		4722F9FE21C87D5D0083B932 /* Project object */ = {
			isa = PBXProject;
			attributes = {
				LastSwiftUpdateCheck = 1010;
				LastUpgradeCheck = 1010;
				ORGANIZATIONNAME = "흠냐방구";
				TargetAttributes = {
					4722FA0521C87D5D0083B932 = {
						CreatedOnToolsVersion = 10.1;
					};
				};
			};
			buildConfigurationList = 4722FA0121C87D5D0083B932 /* Build configuration list for PBXProject "MiniBrowser_12월18일아침" */;
			compatibilityVersion = "Xcode 9.3";
			developmentRegion = en;
			hasScannedForEncodings = 0;
			knownRegions = (
				en,
				Base,
			);
			mainGroup = 4722F9FD21C87D5D0083B932;
			productRefGroup = 4722FA0721C87D5D0083B932 /* Products */;
			projectDirPath = "";
			projectRoot = "";
			targets = (
				4722FA0521C87D5D0083B932 /* MiniBrowser_12월18일아침 */,
			);
		};
/* End PBXProject section */

/* Begin PBXResourcesBuildPhase section */
		4722FA0421C87D5D0083B932 /* Resources */ = {
			isa = PBXResourcesBuildPhase;
			buildActionMask = 2147483647;
			files = (
				4722FA1421C87D640083B932 /* LaunchScreen.storyboard in Resources */,
				4722FA1121C87D640083B932 /* Assets.xcassets in Resources */,
				4722FA0F21C87D5D0083B932 /* Main.storyboard in Resources */,
			);
			runOnlyForDeploymentPostprocessing = 0;
		};
/* End PBXResourcesBuildPhase section */

/* Begin PBXSourcesBuildPhase section */
		4722FA0221C87D5D0083B932 /* Sources */ = {
			isa = PBXSourcesBuildPhase;
			buildActionMask = 2147483647;
			files = (
				4722FA0C21C87D5D0083B932 /* ViewController.swift in Sources */,
				4722FA0A21C87D5D0083B932 /* AppDelegate.swift in Sources */,
			);
			runOnlyForDeploymentPostprocessing = 0;
		};
/* End PBXSourcesBuildPhase section */

/* Begin PBXVariantGroup section */
		4722FA0D21C87D5D0083B932 /* Main.storyboard */ = {
			isa = PBXVariantGroup;
			children = (
				4722FA0E21C87D5D0083B932 /* Base */,
			);
			name = Main.storyboard;
			sourceTree = "<group>";
		};
		4722FA1221C87D640083B932 /* LaunchScreen.storyboard */ = {
			isa = PBXVariantGroup;
			children = (
				4722FA1321C87D640083B932 /* Base */,
			);
			name = LaunchScreen.storyboard;
			sourceTree = "<group>";
		};
/* End PBXVariantGroup section */

/* Begin XCBuildConfiguration section */
		4722FA1621C87D640083B932 /* Debug */ = {
			isa = XCBuildConfiguration;
			buildSettings = {
				ALWAYS_SEARCH_USER_PATHS = NO;
				CLANG_ANALYZER_NONNULL = YES;
				CLANG_ANALYZER_NUMBER_OBJECT_CONVERSION = YES_AGGRESSIVE;
				CLANG_CXX_LANGUAGE_STANDARD = "gnu++14";
				CLANG_CXX_LIBRARY = "libc++";
				CLANG_ENABLE_MODULES = YES;
				CLANG_ENABLE_OBJC_ARC = YES;
				CLANG_ENABLE_OBJC_WEAK = YES;
				CLANG_WARN_BLOCK_CAPTURE_AUTORELEASING = YES;
				CLANG_WARN_BOOL_CONVERSION = YES;
				CLANG_WARN_COMMA = YES;
				CLANG_WARN_CONSTANT_CONVERSION = YES;
				CLANG_WARN_DEPRECATED_OBJC_IMPLEMENTATIONS = YES;
				CLANG_WARN_DIRECT_OBJC_ISA_USAGE = YES_ERROR;
				CLANG_WARN_DOCUMENTATION_COMMENTS = YES;
				CLANG_WARN_EMPTY_BODY = YES;
				CLANG_WARN_ENUM_CONVERSION = YES;
				CLANG_WARN_INFINITE_RECURSION = YES;
				CLANG_WARN_INT_CONVERSION = YES;
				CLANG_WARN_NON_LITERAL_NULL_CONVERSION = YES;
				CLANG_WARN_OBJC_IMPLICIT_RETAIN_SELF = YES;
				CLANG_WARN_OBJC_LITERAL_CONVERSION = YES;
				CLANG_WARN_OBJC_ROOT_CLASS = YES_ERROR;
				CLANG_WARN_RANGE_LOOP_ANALYSIS = YES;
				CLANG_WARN_STRICT_PROTOTYPES = YES;
				CLANG_WARN_SUSPICIOUS_MOVE = YES;
				CLANG_WARN_UNGUARDED_AVAILABILITY = YES_AGGRESSIVE;
				CLANG_WARN_UNREACHABLE_CODE = YES;
				CLANG_WARN__DUPLICATE_METHOD_MATCH = YES;
				CODE_SIGN_IDENTITY = "iPhone Developer";
				COPY_PHASE_STRIP = NO;
				DEBUG_INFORMATION_FORMAT = dwarf;
				ENABLE_STRICT_OBJC_MSGSEND = YES;
				ENABLE_TESTABILITY = YES;
				GCC_C_LANGUAGE_STANDARD = gnu11;
				GCC_DYNAMIC_NO_PIC = NO;
				GCC_NO_COMMON_BLOCKS = YES;
				GCC_OPTIMIZATION_LEVEL = 0;
				GCC_PREPROCESSOR_DEFINITIONS = (
					"DEBUG=1",
					"$(inherited)",
				);
				GCC_WARN_64_TO_32_BIT_CONVERSION = YES;
				GCC_WARN_ABOUT_RETURN_TYPE = YES_ERROR;
				GCC_WARN_UNDECLARED_SELECTOR = YES;
				GCC_WARN_UNINITIALIZED_AUTOS = YES_AGGRESSIVE;
				GCC_WARN_UNUSED_FUNCTION = YES;
				GCC_WARN_UNUSED_VARIABLE = YES;
				IPHONEOS_DEPLOYMENT_TARGET = 12.1;
				MTL_ENABLE_DEBUG_INFO = INCLUDE_SOURCE;
				MTL_FAST_MATH = YES;
				ONLY_ACTIVE_ARCH = YES;
				SDKROOT = iphoneos;
				SWIFT_ACTIVE_COMPILATION_CONDITIONS = DEBUG;
				SWIFT_OPTIMIZATION_LEVEL = "-Onone";
			};
			name = Debug;
		};
		4722FA1721C87D640083B932 /* Release */ = {
			isa = XCBuildConfiguration;
			buildSettings = {
				ALWAYS_SEARCH_USER_PATHS = NO;
				CLANG_ANALYZER_NONNULL = YES;
				CLANG_ANALYZER_NUMBER_OBJECT_CONVERSION = YES_AGGRESSIVE;
				CLANG_CXX_LANGUAGE_STANDARD = "gnu++14";
				CLANG_CXX_LIBRARY = "libc++";
				CLANG_ENABLE_MODULES = YES;
				CLANG_ENABLE_OBJC_ARC = YES;
				CLANG_ENABLE_OBJC_WEAK = YES;
				CLANG_WARN_BLOCK_CAPTURE_AUTORELEASING = YES;
				CLANG_WARN_BOOL_CONVERSION = YES;
				CLANG_WARN_COMMA = YES;
				CLANG_WARN_CONSTANT_CONVERSION = YES;
				CLANG_WARN_DEPRECATED_OBJC_IMPLEMENTATIONS = YES;
				CLANG_WARN_DIRECT_OBJC_ISA_USAGE = YES_ERROR;
				CLANG_WARN_DOCUMENTATION_COMMENTS = YES;
				CLANG_WARN_EMPTY_BODY = YES;
				CLANG_WARN_ENUM_CONVERSION = YES;
				CLANG_WARN_INFINITE_RECURSION = YES;
				CLANG_WARN_INT_CONVERSION = YES;
				CLANG_WARN_NON_LITERAL_NULL_CONVERSION = YES;
				CLANG_WARN_OBJC_IMPLICIT_RETAIN_SELF = YES;
				CLANG_WARN_OBJC_LITERAL_CONVERSION = YES;
				CLANG_WARN_OBJC_ROOT_CLASS = YES_ERROR;
				CLANG_WARN_RANGE_LOOP_ANALYSIS = YES;
				CLANG_WARN_STRICT_PROTOTYPES = YES;
				CLANG_WARN_SUSPICIOUS_MOVE = YES;
				CLANG_WARN_UNGUARDED_AVAILABILITY = YES_AGGRESSIVE;
				CLANG_WARN_UNREACHABLE_CODE = YES;
				CLANG_WARN__DUPLICATE_METHOD_MATCH = YES;
				CODE_SIGN_IDENTITY = "iPhone Developer";
				COPY_PHASE_STRIP = NO;
				DEBUG_INFORMATION_FORMAT = "dwarf-with-dsym";
				ENABLE_NS_ASSERTIONS = NO;
				ENABLE_STRICT_OBJC_MSGSEND = YES;
				GCC_C_LANGUAGE_STANDARD = gnu11;
				GCC_NO_COMMON_BLOCKS = YES;
				GCC_WARN_64_TO_32_BIT_CONVERSION = YES;
				GCC_WARN_ABOUT_RETURN_TYPE = YES_ERROR;
				GCC_WARN_UNDECLARED_SELECTOR = YES;
				GCC_WARN_UNINITIALIZED_AUTOS = YES_AGGRESSIVE;
				GCC_WARN_UNUSED_FUNCTION = YES;
				GCC_WARN_UNUSED_VARIABLE = YES;
				IPHONEOS_DEPLOYMENT_TARGET = 12.1;
				MTL_ENABLE_DEBUG_INFO = NO;
				MTL_FAST_MATH = YES;
				SDKROOT = iphoneos;
				SWIFT_COMPILATION_MODE = wholemodule;
				SWIFT_OPTIMIZATION_LEVEL = "-O";
				VALIDATE_PRODUCT = YES;
			};
			name = Release;
		};
		4722FA1921C87D640083B932 /* Debug */ = {
			isa = XCBuildConfiguration;
			buildSettings = {
				ASSETCATALOG_COMPILER_APPICON_NAME = AppIcon;
				CODE_SIGN_STYLE = Automatic;
				DEVELOPMENT_TEAM = K97249KR63;
				INFOPLIST_FILE = "MiniBrowser_12월18일아침/Info.plist";
				LD_RUNPATH_SEARCH_PATHS = (
					"$(inherited)",
					"@executable_path/Frameworks",
				);
				PRODUCT_BUNDLE_IDENTIFIER = "bnkim.MiniBrowser-12---18--------";
				PRODUCT_NAME = "$(TARGET_NAME)";
				SWIFT_VERSION = 4.2;
				TARGETED_DEVICE_FAMILY = "1,2";
			};
			name = Debug;
		};
		4722FA1A21C87D640083B932 /* Release */ = {
			isa = XCBuildConfiguration;
			buildSettings = {
				ASSETCATALOG_COMPILER_APPICON_NAME = AppIcon;
				CODE_SIGN_STYLE = Automatic;
				DEVELOPMENT_TEAM = K97249KR63;
				INFOPLIST_FILE = "MiniBrowser_12월18일아침/Info.plist";
				LD_RUNPATH_SEARCH_PATHS = (
					"$(inherited)",
					"@executable_path/Frameworks",
				);
				PRODUCT_BUNDLE_IDENTIFIER = "bnkim.MiniBrowser-12---18--------";
				PRODUCT_NAME = "$(TARGET_NAME)";
				SWIFT_VERSION = 4.2;
				TARGETED_DEVICE_FAMILY = "1,2";
			};
			name = Release;
		};
/* End XCBuildConfiguration section */

/* Begin XCConfigurationList section */
		4722FA0121C87D5D0083B932 /* Build configuration list for PBXProject "MiniBrowser_12월18일아침" */ = {
			isa = XCConfigurationList;
			buildConfigurations = (
				4722FA1621C87D640083B932 /* Debug */,
				4722FA1721C87D640083B932 /* Release */,
			);
			defaultConfigurationIsVisible = 0;
			defaultConfigurationName = Release;
		};
		4722FA1821C87D640083B932 /* Build configuration list for PBXNativeTarget "MiniBrowser_12월18일아침" */ = {
			isa = XCConfigurationList;
			buildConfigurations = (
				4722FA1921C87D640083B932 /* Debug */,
				4722FA1A21C87D640083B932 /* Release */,
			);
			defaultConfigurationIsVisible = 0;
			defaultConfigurationName = Release;
		};
/* End XCConfigurationList section */
	};
	rootObject = 4722F9FE21C87D5D0083B932 /* Project object */;
}
