// !$*UTF8*$!
{
	archiveVersion = 1;
	classes = {
	};
	objectVersion = 50;
	objects = {

/* Begin PBXBuildFile section */
		4754030521A53F30005597C9 /* AppDelegate.swift in Sources */ = {isa = PBXBuildFile; fileRef = 4754030421A53F30005597C9 /* AppDelegate.swift */; };
		4754030721A53F30005597C9 /* ViewController.swift in Sources */ = {isa = PBXBuildFile; fileRef = 4754030621A53F30005597C9 /* ViewController.swift */; };
		4754030A21A53F30005597C9 /* Main.storyboard in Resources */ = {isa = PBXBuildFile; fileRef = 4754030821A53F30005597C9 /* Main.storyboard */; };
		4754030C21A53F38005597C9 /* Assets.xcassets in Resources */ = {isa = PBXBuildFile; fileRef = 4754030B21A53F38005597C9 /* Assets.xcassets */; };
		4754030F21A53F38005597C9 /* LaunchScreen.storyboard in Resources */ = {isa = PBXBuildFile; fileRef = 4754030D21A53F38005597C9 /* LaunchScreen.storyboard */; };
		4754032E21A541F0005597C9 /* 4.jpg in Resources */ = {isa = PBXBuildFile; fileRef = 4754032721A541F0005597C9 /* 4.jpg */; };
		4754032F21A541F0005597C9 /* 2.jpg in Resources */ = {isa = PBXBuildFile; fileRef = 4754032821A541F0005597C9 /* 2.jpg */; };
		4754033021A541F0005597C9 /* 6.jpg in Resources */ = {isa = PBXBuildFile; fileRef = 4754032921A541F0005597C9 /* 6.jpg */; };
		4754033121A541F0005597C9 /* 3.jpg in Resources */ = {isa = PBXBuildFile; fileRef = 4754032A21A541F0005597C9 /* 3.jpg */; };
		4754033221A541F0005597C9 /* 7.jpg in Resources */ = {isa = PBXBuildFile; fileRef = 4754032B21A541F0005597C9 /* 7.jpg */; };
		4754033321A541F0005597C9 /* 1.jpg in Resources */ = {isa = PBXBuildFile; fileRef = 4754032C21A541F0005597C9 /* 1.jpg */; };
		4754033421A541F0005597C9 /* 5.jpg in Resources */ = {isa = PBXBuildFile; fileRef = 4754032D21A541F0005597C9 /* 5.jpg */; };
/* End PBXBuildFile section */

/* Begin PBXFileReference section */
		4754030121A53F30005597C9 /* DigitalFrame_Review02.app */ = {isa = PBXFileReference; explicitFileType = wrapper.application; includeInIndex = 0; path = DigitalFrame_Review02.app; sourceTree = BUILT_PRODUCTS_DIR; };
		4754030421A53F30005597C9 /* AppDelegate.swift */ = {isa = PBXFileReference; lastKnownFileType = sourcecode.swift; path = AppDelegate.swift; sourceTree = "<group>"; };
		4754030621A53F30005597C9 /* ViewController.swift */ = {isa = PBXFileReference; lastKnownFileType = sourcecode.swift; path = ViewController.swift; sourceTree = "<group>"; };
		4754030921A53F30005597C9 /* Base */ = {isa = PBXFileReference; lastKnownFileType = file.storyboard; name = Base; path = Base.lproj/Main.storyboard; sourceTree = "<group>"; };
		4754030B21A53F38005597C9 /* Assets.xcassets */ = {isa = PBXFileReference; lastKnownFileType = folder.assetcatalog; path = Assets.xcassets; sourceTree = "<group>"; };
		4754030E21A53F38005597C9 /* Base */ = {isa = PBXFileReference; lastKnownFileType = file.storyboard; name = Base; path = Base.lproj/LaunchScreen.storyboard; sourceTree = "<group>"; };
		4754031021A53F38005597C9 /* Info.plist */ = {isa = PBXFileReference; lastKnownFileType = text.plist.xml; path = Info.plist; sourceTree = "<group>"; };
		4754032721A541F0005597C9 /* 4.jpg */ = {isa = PBXFileReference; lastKnownFileType = image.jpeg; name = 4.jpg; path = "../../../../Desktop/swift강의/DigitalFrame_이미지/4.jpg"; sourceTree = "<group>"; };
		4754032821A541F0005597C9 /* 2.jpg */ = {isa = PBXFileReference; lastKnownFileType = image.jpeg; name = 2.jpg; path = "../../../../Desktop/swift강의/DigitalFrame_이미지/2.jpg"; sourceTree = "<group>"; };
		4754032921A541F0005597C9 /* 6.jpg */ = {isa = PBXFileReference; lastKnownFileType = image.jpeg; name = 6.jpg; path = "../../../../Desktop/swift강의/DigitalFrame_이미지/6.jpg"; sourceTree = "<group>"; };
		4754032A21A541F0005597C9 /* 3.jpg */ = {isa = PBXFileReference; lastKnownFileType = image.jpeg; name = 3.jpg; path = "../../../../Desktop/swift강의/DigitalFrame_이미지/3.jpg"; sourceTree = "<group>"; };
		4754032B21A541F0005597C9 /* 7.jpg */ = {isa = PBXFileReference; lastKnownFileType = image.jpeg; name = 7.jpg; path = "../../../../Desktop/swift강의/DigitalFrame_이미지/7.jpg"; sourceTree = "<group>"; };
		4754032C21A541F0005597C9 /* 1.jpg */ = {isa = PBXFileReference; lastKnownFileType = image.jpeg; name = 1.jpg; path = "../../../../Desktop/swift강의/DigitalFrame_이미지/1.jpg"; sourceTree = "<group>"; };
		4754032D21A541F0005597C9 /* 5.jpg */ = {isa = PBXFileReference; lastKnownFileType = image.jpeg; name = 5.jpg; path = "../../../../Desktop/swift강의/DigitalFrame_이미지/5.jpg"; sourceTree = "<group>"; };
/* End PBXFileReference section */

/* Begin PBXFrameworksBuildPhase section */
		475402FE21A53F30005597C9 /* Frameworks */ = {
			isa = PBXFrameworksBuildPhase;
			buildActionMask = 2147483647;
			files = (
			);
			runOnlyForDeploymentPostprocessing = 0;
		};
/* End PBXFrameworksBuildPhase section */

/* Begin PBXGroup section */
		475402F821A53F30005597C9 = {
			isa = PBXGroup;
			children = (
				4754030321A53F30005597C9 /* DigitalFrame_Review02 */,
				4754030221A53F30005597C9 /* Products */,
			);
			sourceTree = "<group>";
		};
		4754030221A53F30005597C9 /* Products */ = {
			isa = PBXGroup;
			children = (
				4754030121A53F30005597C9 /* DigitalFrame_Review02.app */,
			);
			name = Products;
			sourceTree = "<group>";
		};
		4754030321A53F30005597C9 /* DigitalFrame_Review02 */ = {
			isa = PBXGroup;
			children = (
				4754032621A541DD005597C9 /* Resource */,
				4754030421A53F30005597C9 /* AppDelegate.swift */,
				4754030621A53F30005597C9 /* ViewController.swift */,
				4754030821A53F30005597C9 /* Main.storyboard */,
				4754030B21A53F38005597C9 /* Assets.xcassets */,
				4754030D21A53F38005597C9 /* LaunchScreen.storyboard */,
				4754031021A53F38005597C9 /* Info.plist */,
			);
			path = DigitalFrame_Review02;
			sourceTree = "<group>";
		};
		4754032621A541DD005597C9 /* Resource */ = {
			isa = PBXGroup;
			children = (
				4754032C21A541F0005597C9 /* 1.jpg */,
				4754032821A541F0005597C9 /* 2.jpg */,
				4754032A21A541F0005597C9 /* 3.jpg */,
				4754032721A541F0005597C9 /* 4.jpg */,
				4754032D21A541F0005597C9 /* 5.jpg */,
				4754032921A541F0005597C9 /* 6.jpg */,
				4754032B21A541F0005597C9 /* 7.jpg */,
			);
			path = Resource;
			sourceTree = "<group>";
		};
/* End PBXGroup section */

/* Begin PBXNativeTarget section */
		4754030021A53F30005597C9 /* DigitalFrame_Review02 */ = {
			isa = PBXNativeTarget;
			buildConfigurationList = 4754031321A53F38005597C9 /* Build configuration list for PBXNativeTarget "DigitalFrame_Review02" */;
			buildPhases = (
				475402FD21A53F30005597C9 /* Sources */,
				475402FE21A53F30005597C9 /* Frameworks */,
				475402FF21A53F30005597C9 /* Resources */,
			);
			buildRules = (
			);
			dependencies = (
			);
			name = DigitalFrame_Review02;
			productName = DigitalFrame_Review02;
			productReference = 4754030121A53F30005597C9 /* DigitalFrame_Review02.app */;
			productType = "com.apple.product-type.application";
		};
/* End PBXNativeTarget section */

/* Begin PBXProject section */
		475402F921A53F30005597C9 /* Project object */ = {
			isa = PBXProject;
			attributes = {
				LastSwiftUpdateCheck = 1010;
				LastUpgradeCheck = 1010;
				ORGANIZATIONNAME = "흠냐방구";
				TargetAttributes = {
					4754030021A53F30005597C9 = {
						CreatedOnToolsVersion = 10.1;
					};
				};
			};
			buildConfigurationList = 475402FC21A53F30005597C9 /* Build configuration list for PBXProject "DigitalFrame_Review02" */;
			compatibilityVersion = "Xcode 9.3";
			developmentRegion = en;
			hasScannedForEncodings = 0;
			knownRegions = (
				en,
				Base,
			);
			mainGroup = 475402F821A53F30005597C9;
			productRefGroup = 4754030221A53F30005597C9 /* Products */;
			projectDirPath = "";
			projectRoot = "";
			targets = (
				4754030021A53F30005597C9 /* DigitalFrame_Review02 */,
			);
		};
/* End PBXProject section */

/* Begin PBXResourcesBuildPhase section */
		475402FF21A53F30005597C9 /* Resources */ = {
			isa = PBXResourcesBuildPhase;
			buildActionMask = 2147483647;
			files = (
				4754033021A541F0005597C9 /* 6.jpg in Resources */,
				4754033421A541F0005597C9 /* 5.jpg in Resources */,
				4754032E21A541F0005597C9 /* 4.jpg in Resources */,
				4754030F21A53F38005597C9 /* LaunchScreen.storyboard in Resources */,
				4754033221A541F0005597C9 /* 7.jpg in Resources */,
				4754032F21A541F0005597C9 /* 2.jpg in Resources */,
				4754030C21A53F38005597C9 /* Assets.xcassets in Resources */,
				4754033321A541F0005597C9 /* 1.jpg in Resources */,
				4754033121A541F0005597C9 /* 3.jpg in Resources */,
				4754030A21A53F30005597C9 /* Main.storyboard in Resources */,
			);
			runOnlyForDeploymentPostprocessing = 0;
		};
/* End PBXResourcesBuildPhase section */

/* Begin PBXSourcesBuildPhase section */
		475402FD21A53F30005597C9 /* Sources */ = {
			isa = PBXSourcesBuildPhase;
			buildActionMask = 2147483647;
			files = (
				4754030721A53F30005597C9 /* ViewController.swift in Sources */,
				4754030521A53F30005597C9 /* AppDelegate.swift in Sources */,
			);
			runOnlyForDeploymentPostprocessing = 0;
		};
/* End PBXSourcesBuildPhase section */

/* Begin PBXVariantGroup section */
		4754030821A53F30005597C9 /* Main.storyboard */ = {
			isa = PBXVariantGroup;
			children = (
				4754030921A53F30005597C9 /* Base */,
			);
			name = Main.storyboard;
			sourceTree = "<group>";
		};
		4754030D21A53F38005597C9 /* LaunchScreen.storyboard */ = {
			isa = PBXVariantGroup;
			children = (
				4754030E21A53F38005597C9 /* Base */,
			);
			name = LaunchScreen.storyboard;
			sourceTree = "<group>";
		};
/* End PBXVariantGroup section */

/* Begin XCBuildConfiguration section */
		4754031121A53F38005597C9 /* Debug */ = {
			isa = XCBuildConfiguration;
			buildSettings = {
				ALWAYS_SEARCH_USER_PATHS = NO;
				CLANG_ANALYZER_NONNULL = YES;
				CLANG_ANALYZER_NUMBER_OBJECT_CONVERSION = YES_AGGRESSIVE;
				CLANG_CXX_LANGUAGE_STANDARD = "gnu++14";
				CLANG_CXX_LIBRARY = "libc++";
				CLANG_ENABLE_MODULES = YES;
				CLANG_ENABLE_OBJC_ARC = YES;
				CLANG_ENABLE_OBJC_WEAK = YES;
				CLANG_WARN_BLOCK_CAPTURE_AUTORELEASING = YES;
				CLANG_WARN_BOOL_CONVERSION = YES;
				CLANG_WARN_COMMA = YES;
				CLANG_WARN_CONSTANT_CONVERSION = YES;
				CLANG_WARN_DEPRECATED_OBJC_IMPLEMENTATIONS = YES;
				CLANG_WARN_DIRECT_OBJC_ISA_USAGE = YES_ERROR;
				CLANG_WARN_DOCUMENTATION_COMMENTS = YES;
				CLANG_WARN_EMPTY_BODY = YES;
				CLANG_WARN_ENUM_CONVERSION = YES;
				CLANG_WARN_INFINITE_RECURSION = YES;
				CLANG_WARN_INT_CONVERSION = YES;
				CLANG_WARN_NON_LITERAL_NULL_CONVERSION = YES;
				CLANG_WARN_OBJC_IMPLICIT_RETAIN_SELF = YES;
				CLANG_WARN_OBJC_LITERAL_CONVERSION = YES;
				CLANG_WARN_OBJC_ROOT_CLASS = YES_ERROR;
				CLANG_WARN_RANGE_LOOP_ANALYSIS = YES;
				CLANG_WARN_STRICT_PROTOTYPES = YES;
				CLANG_WARN_SUSPICIOUS_MOVE = YES;
				CLANG_WARN_UNGUARDED_AVAILABILITY = YES_AGGRESSIVE;
				CLANG_WARN_UNREACHABLE_CODE = YES;
				CLANG_WARN__DUPLICATE_METHOD_MATCH = YES;
				CODE_SIGN_IDENTITY = "iPhone Developer";
				COPY_PHASE_STRIP = NO;
				DEBUG_INFORMATION_FORMAT = dwarf;
				ENABLE_STRICT_OBJC_MSGSEND = YES;
				ENABLE_TESTABILITY = YES;
				GCC_C_LANGUAGE_STANDARD = gnu11;
				GCC_DYNAMIC_NO_PIC = NO;
				GCC_NO_COMMON_BLOCKS = YES;
				GCC_OPTIMIZATION_LEVEL = 0;
				GCC_PREPROCESSOR_DEFINITIONS = (
					"DEBUG=1",
					"$(inherited)",
				);
				GCC_WARN_64_TO_32_BIT_CONVERSION = YES;
				GCC_WARN_ABOUT_RETURN_TYPE = YES_ERROR;
				GCC_WARN_UNDECLARED_SELECTOR = YES;
				GCC_WARN_UNINITIALIZED_AUTOS = YES_AGGRESSIVE;
				GCC_WARN_UNUSED_FUNCTION = YES;
				GCC_WARN_UNUSED_VARIABLE = YES;
				IPHONEOS_DEPLOYMENT_TARGET = 12.1;
				MTL_ENABLE_DEBUG_INFO = INCLUDE_SOURCE;
				MTL_FAST_MATH = YES;
				ONLY_ACTIVE_ARCH = YES;
				SDKROOT = iphoneos;
				SWIFT_ACTIVE_COMPILATION_CONDITIONS = DEBUG;
				SWIFT_OPTIMIZATION_LEVEL = "-Onone";
			};
			name = Debug;
		};
		4754031221A53F38005597C9 /* Release */ = {
			isa = XCBuildConfiguration;
			buildSettings = {
				ALWAYS_SEARCH_USER_PATHS = NO;
				CLANG_ANALYZER_NONNULL = YES;
				CLANG_ANALYZER_NUMBER_OBJECT_CONVERSION = YES_AGGRESSIVE;
				CLANG_CXX_LANGUAGE_STANDARD = "gnu++14";
				CLANG_CXX_LIBRARY = "libc++";
				CLANG_ENABLE_MODULES = YES;
				CLANG_ENABLE_OBJC_ARC = YES;
				CLANG_ENABLE_OBJC_WEAK = YES;
				CLANG_WARN_BLOCK_CAPTURE_AUTORELEASING = YES;
				CLANG_WARN_BOOL_CONVERSION = YES;
				CLANG_WARN_COMMA = YES;
				CLANG_WARN_CONSTANT_CONVERSION = YES;
				CLANG_WARN_DEPRECATED_OBJC_IMPLEMENTATIONS = YES;
				CLANG_WARN_DIRECT_OBJC_ISA_USAGE = YES_ERROR;
				CLANG_WARN_DOCUMENTATION_COMMENTS = YES;
				CLANG_WARN_EMPTY_BODY = YES;
				CLANG_WARN_ENUM_CONVERSION = YES;
				CLANG_WARN_INFINITE_RECURSION = YES;
				CLANG_WARN_INT_CONVERSION = YES;
				CLANG_WARN_NON_LITERAL_NULL_CONVERSION = YES;
				CLANG_WARN_OBJC_IMPLICIT_RETAIN_SELF = YES;
				CLANG_WARN_OBJC_LITERAL_CONVERSION = YES;
				CLANG_WARN_OBJC_ROOT_CLASS = YES_ERROR;
				CLANG_WARN_RANGE_LOOP_ANALYSIS = YES;
				CLANG_WARN_STRICT_PROTOTYPES = YES;
				CLANG_WARN_SUSPICIOUS_MOVE = YES;
				CLANG_WARN_UNGUARDED_AVAILABILITY = YES_AGGRESSIVE;
				CLANG_WARN_UNREACHABLE_CODE = YES;
				CLANG_WARN__DUPLICATE_METHOD_MATCH = YES;
				CODE_SIGN_IDENTITY = "iPhone Developer";
				COPY_PHASE_STRIP = NO;
				DEBUG_INFORMATION_FORMAT = "dwarf-with-dsym";
				ENABLE_NS_ASSERTIONS = NO;
				ENABLE_STRICT_OBJC_MSGSEND = YES;
				GCC_C_LANGUAGE_STANDARD = gnu11;
				GCC_NO_COMMON_BLOCKS = YES;
				GCC_WARN_64_TO_32_BIT_CONVERSION = YES;
				GCC_WARN_ABOUT_RETURN_TYPE = YES_ERROR;
				GCC_WARN_UNDECLARED_SELECTOR = YES;
				GCC_WARN_UNINITIALIZED_AUTOS = YES_AGGRESSIVE;
				GCC_WARN_UNUSED_FUNCTION = YES;
				GCC_WARN_UNUSED_VARIABLE = YES;
				IPHONEOS_DEPLOYMENT_TARGET = 12.1;
				MTL_ENABLE_DEBUG_INFO = NO;
				MTL_FAST_MATH = YES;
				SDKROOT = iphoneos;
				SWIFT_COMPILATION_MODE = wholemodule;
				SWIFT_OPTIMIZATION_LEVEL = "-O";
				VALIDATE_PRODUCT = YES;
			};
			name = Release;
		};
		4754031421A53F38005597C9 /* Debug */ = {
			isa = XCBuildConfiguration;
			buildSettings = {
				ASSETCATALOG_COMPILER_APPICON_NAME = AppIcon;
				CODE_SIGN_STYLE = Automatic;
				DEVELOPMENT_TEAM = K97249KR63;
				INFOPLIST_FILE = DigitalFrame_Review02/Info.plist;
				LD_RUNPATH_SEARCH_PATHS = (
					"$(inherited)",
					"@executable_path/Frameworks",
				);
				PRODUCT_BUNDLE_IDENTIFIER = "bnkim.DigitalFrame-Review02";
				PRODUCT_NAME = "$(TARGET_NAME)";
				SWIFT_VERSION = 4.2;
				TARGETED_DEVICE_FAMILY = "1,2";
			};
			name = Debug;
		};
		4754031521A53F38005597C9 /* Release */ = {
			isa = XCBuildConfiguration;
			buildSettings = {
				ASSETCATALOG_COMPILER_APPICON_NAME = AppIcon;
				CODE_SIGN_STYLE = Automatic;
				DEVELOPMENT_TEAM = K97249KR63;
				INFOPLIST_FILE = DigitalFrame_Review02/Info.plist;
				LD_RUNPATH_SEARCH_PATHS = (
					"$(inherited)",
					"@executable_path/Frameworks",
				);
				PRODUCT_BUNDLE_IDENTIFIER = "bnkim.DigitalFrame-Review02";
				PRODUCT_NAME = "$(TARGET_NAME)";
				SWIFT_VERSION = 4.2;
				TARGETED_DEVICE_FAMILY = "1,2";
			};
			name = Release;
		};
/* End XCBuildConfiguration section */

/* Begin XCConfigurationList section */
		475402FC21A53F30005597C9 /* Build configuration list for PBXProject "DigitalFrame_Review02" */ = {
			isa = XCConfigurationList;
			buildConfigurations = (
				4754031121A53F38005597C9 /* Debug */,
				4754031221A53F38005597C9 /* Release */,
			);
			defaultConfigurationIsVisible = 0;
			defaultConfigurationName = Release;
		};
		4754031321A53F38005597C9 /* Build configuration list for PBXNativeTarget "DigitalFrame_Review02" */ = {
			isa = XCConfigurationList;
			buildConfigurations = (
				4754031421A53F38005597C9 /* Debug */,
				4754031521A53F38005597C9 /* Release */,
			);
			defaultConfigurationIsVisible = 0;
			defaultConfigurationName = Release;
		};
/* End XCConfigurationList section */
	};
	rootObject = 475402F921A53F30005597C9 /* Project object */;
}
